PODS:
  - Expecta (1.0.5)
  - OCHamcrest (5.2.0)
  - OCMockito (3.0.1):
    - OCHamcrest (~> 5.1)
  - Sparkle (1.13.1)
  - Specta (1.0.5)

DEPENDENCIES:
  - Expecta (~> 1.0.5)
  - OCMockito (~> 3.0.1)
  - Sparkle (~> 1.13.1)
  - Specta (~> 1.0.5)

SPEC CHECKSUMS:
  Expecta: e1c022fcd33910b6be89c291d2775b3fe27a89fe
  OCHamcrest: 218dc4022a5e928a275771da70c5dbea9f859287
  OCMockito: 9eee3c61e42f7cb8aa015d66f8cc16849701d973
  Sparkle: 2fbd47b869621d1e679c7554e3e19dda02104818
  Specta: ac94d110b865115fe60ff2c6d7281053c6f8e8a2

COCOAPODS: 0.39.0
