// !$*UTF8*$!
{
	archiveVersion = 1;
	classes = {
	};
	objectVersion = 47;
	objects = {

/* Begin PBXBuildFile section */
		07838603148BD517001E7BD7 /* SpectaclePreferencesController.m in Sources */ = {isa = PBXBuildFile; fileRef = 07838602148BD517001E7BD7 /* SpectaclePreferencesController.m */; };
		2D0759A71C71746500A17E80 /* SpectacleWindowPositionCalculationRegistry.m in Sources */ = {isa = PBXBuildFile; fileRef = 2D0759A61C71746500A17E80 /* SpectacleWindowPositionCalculationRegistry.m */; };
		2D1AE52515D715F400EAC5BD /* SpectacleRegisteredShortcutValidator.m in Sources */ = {isa = PBXBuildFile; fileRef = 2D1AE52415D715F400EAC5BD /* SpectacleRegisteredShortcutValidator.m */; };
		2D20F0181CD18ED7003DDA5B /* SpectacleBottomHalfWindowCalculationSpec.m in Sources */ = {isa = PBXBuildFile; fileRef = 2D20F0081CD18ED7003DDA5B /* SpectacleBottomHalfWindowCalculationSpec.m */; };
		2D20F0191CD18ED7003DDA5B /* SpectacleCenterWindowCalculationSpec.m in Sources */ = {isa = PBXBuildFile; fileRef = 2D20F0091CD18ED7003DDA5B /* SpectacleCenterWindowCalculationSpec.m */; };
		2D20F01A1CD18ED7003DDA5B /* SpectacleFullscreenWindowCalculationSpec.m in Sources */ = {isa = PBXBuildFile; fileRef = 2D20F00A1CD18ED7003DDA5B /* SpectacleFullscreenWindowCalculationSpec.m */; };
		2D20F01B1CD18ED7003DDA5B /* SpectacleLargerWindowCalculationSpec.m in Sources */ = {isa = PBXBuildFile; fileRef = 2D20F00B1CD18ED7003DDA5B /* SpectacleLargerWindowCalculationSpec.m */; };
		2D20F01C1CD18ED7003DDA5B /* SpectacleLeftHalfWindowCalculationSpec.m in Sources */ = {isa = PBXBuildFile; fileRef = 2D20F00C1CD18ED7003DDA5B /* SpectacleLeftHalfWindowCalculationSpec.m */; };
		2D20F01D1CD18ED7003DDA5B /* SpectacleLowerLeftWindowCalculationSpec.m in Sources */ = {isa = PBXBuildFile; fileRef = 2D20F00D1CD18ED7003DDA5B /* SpectacleLowerLeftWindowCalculationSpec.m */; };
		2D20F01E1CD18ED7003DDA5B /* SpectacleLowerRightWindowCalculationSpec.m in Sources */ = {isa = PBXBuildFile; fileRef = 2D20F00E1CD18ED7003DDA5B /* SpectacleLowerRightWindowCalculationSpec.m */; };
		2D20F01F1CD18ED7003DDA5B /* SpectacleNextDisplayWindowCalculationSpec.m in Sources */ = {isa = PBXBuildFile; fileRef = 2D20F00F1CD18ED7003DDA5B /* SpectacleNextDisplayWindowCalculationSpec.m */; };
		2D20F0201CD18ED7003DDA5B /* SpectacleNextThirdWindowCalculationSpec.m in Sources */ = {isa = PBXBuildFile; fileRef = 2D20F0101CD18ED7003DDA5B /* SpectacleNextThirdWindowCalculationSpec.m */; };
		2D20F0211CD18ED7003DDA5B /* SpectaclePreviousDisplayWindowCalculationSpec.m in Sources */ = {isa = PBXBuildFile; fileRef = 2D20F0111CD18ED7003DDA5B /* SpectaclePreviousDisplayWindowCalculationSpec.m */; };
		2D20F0221CD18ED7003DDA5B /* SpectaclePreviousThirdWindowCalculationSpec.m in Sources */ = {isa = PBXBuildFile; fileRef = 2D20F0121CD18ED7003DDA5B /* SpectaclePreviousThirdWindowCalculationSpec.m */; };
		2D20F0231CD18ED7003DDA5B /* SpectacleRightHalfWindowCalculationSpec.m in Sources */ = {isa = PBXBuildFile; fileRef = 2D20F0131CD18ED7003DDA5B /* SpectacleRightHalfWindowCalculationSpec.m */; };
		2D20F0241CD18ED7003DDA5B /* SpectacleSmallerWindowCalculationSpec.m in Sources */ = {isa = PBXBuildFile; fileRef = 2D20F0141CD18ED7003DDA5B /* SpectacleSmallerWindowCalculationSpec.m */; };
		2D20F0251CD18ED7003DDA5B /* SpectacleTopHalfWindowCalculationSpec.m in Sources */ = {isa = PBXBuildFile; fileRef = 2D20F0151CD18ED7003DDA5B /* SpectacleTopHalfWindowCalculationSpec.m */; };
		2D20F0261CD18ED7003DDA5B /* SpectacleUpperLeftWindowCalculationSpec.m in Sources */ = {isa = PBXBuildFile; fileRef = 2D20F0161CD18ED7003DDA5B /* SpectacleUpperLeftWindowCalculationSpec.m */; };
		2D20F0271CD18ED7003DDA5B /* SpectacleUpperRightWindowCalculationSpec.m in Sources */ = {isa = PBXBuildFile; fileRef = 2D20F0171CD18ED7003DDA5B /* SpectacleUpperRightWindowCalculationSpec.m */; };
		2D20F0291CD1969D003DDA5B /* SpectacleWindowPositionManagerSpec.m in Sources */ = {isa = PBXBuildFile; fileRef = 2D20F0281CD1969D003DDA5B /* SpectacleWindowPositionManagerSpec.m */; };
		2D24ACB41CC723F600AB3984 /* SpectacleWindowAction.m in Sources */ = {isa = PBXBuildFile; fileRef = 2D24ACB31CC723F600AB3984 /* SpectacleWindowAction.m */; };
		2D24ACB71CC8728E00AB3984 /* SpectacleShortcutHolder.m in Sources */ = {isa = PBXBuildFile; fileRef = 2D24ACB61CC8728E00AB3984 /* SpectacleShortcutHolder.m */; };
		2D2629461CCECB9E009D1ED0 /* SpectacleScreenDetectionResult.m in Sources */ = {isa = PBXBuildFile; fileRef = 2D2629451CCECB9E009D1ED0 /* SpectacleScreenDetectionResult.m */; };
		2D279ED416BB4A7800F6894A /* SpectacleHistory.m in Sources */ = {isa = PBXBuildFile; fileRef = 2D279ED316BB4A7800F6894A /* SpectacleHistory.m */; };
		2D3A050D194956E100CD96E7 /* SpectacleAccessibilityElement.m in Sources */ = {isa = PBXBuildFile; fileRef = 2D3A04FD194956E100CD96E7 /* SpectacleAccessibilityElement.m */; };
		2D3A050E194956E100CD96E7 /* SpectacleShortcut.m in Sources */ = {isa = PBXBuildFile; fileRef = 2D3A0500194956E100CD96E7 /* SpectacleShortcut.m */; };
		2D3A050F194956E100CD96E7 /* SpectacleShortcutRecorder.m in Sources */ = {isa = PBXBuildFile; fileRef = 2D3A0502194956E100CD96E7 /* SpectacleShortcutRecorder.m */; };
		2D3A0511194956E100CD96E7 /* SpectacleShortcutTranslations.m in Sources */ = {isa = PBXBuildFile; fileRef = 2D3A0507194956E100CD96E7 /* SpectacleShortcutTranslations.m */; };
		2D3A0512194956E100CD96E7 /* SpectacleShortcutValidation.m in Sources */ = {isa = PBXBuildFile; fileRef = 2D3A0509194956E100CD96E7 /* SpectacleShortcutValidation.m */; };
		2D4F3ED014A27B4500C29D11 /* SpectacleScreenDetector.m in Sources */ = {isa = PBXBuildFile; fileRef = 2D4F3ECF14A27B4500C29D11 /* SpectacleScreenDetector.m */; };
		2D5565B1181EDB7F00EFB43A /* Security & Privacy System Preferences.scpt in Resources */ = {isa = PBXBuildFile; fileRef = 2D5565B0181EDB7F00EFB43A /* Security & Privacy System Preferences.scpt */; };
		2D5783F11BB63BDD00695771 /* SpectacleStandardWindowMover.m in Sources */ = {isa = PBXBuildFile; fileRef = 2D5783F01BB63BDD00695771 /* SpectacleStandardWindowMover.m */; };
		2D58AE341D7D19AF00BFEEA2 /* SpectacleShortcutTranslationsSpec.m in Sources */ = {isa = PBXBuildFile; fileRef = 2D58AE331D7D19AF00BFEEA2 /* SpectacleShortcutTranslationsSpec.m */; };
		2D58AE361D7D2D5300BFEEA2 /* SpectacleShortcutSpec.m in Sources */ = {isa = PBXBuildFile; fileRef = 2D58AE351D7D2D5300BFEEA2 /* SpectacleShortcutSpec.m */; };
		2D58CC391C7030B800E3DC74 /* Window Position Calculations in Resources */ = {isa = PBXBuildFile; fileRef = 2D58CC381C7030B800E3DC74 /* Window Position Calculations */; };
		2D5A83051CDAFDEB00EBE80A /* SpectacleShortcutJSONStorage.m in Sources */ = {isa = PBXBuildFile; fileRef = 2D5A83041CDAFDEB00EBE80A /* SpectacleShortcutJSONStorage.m */; };
		2D5A83091CDB020A00EBE80A /* SpectacleMigratingShortcutStorage.m in Sources */ = {isa = PBXBuildFile; fileRef = 2D5A83081CDB020A00EBE80A /* SpectacleMigratingShortcutStorage.m */; };
		2D5A830F1CDC475B00EBE80A /* SpectacleDefaultShortcutHelpers.m in Sources */ = {isa = PBXBuildFile; fileRef = 2D5A830E1CDC475B00EBE80A /* SpectacleDefaultShortcutHelpers.m */; };
		2D5CCCE915E96F740009CC43 /* dsa_public.pem in Resources */ = {isa = PBXBuildFile; fileRef = 2D5CCCE815E96F740009CC43 /* dsa_public.pem */; };
		2D7146541CCC12A6003B8292 /* Sparkle.framework in Embed Frameworks */ = {isa = PBXBuildFile; fileRef = 2D7146521CCC12A6003B8292 /* Sparkle.framework */; settings = {ATTRIBUTES = (CodeSignOnCopy, RemoveHeadersOnCopy, ); }; };
		2D71466B1CCC1715003B8292 /* Expecta.framework in CopyFiles */ = {isa = PBXBuildFile; fileRef = 2D7146671CCC1715003B8292 /* Expecta.framework */; settings = {ATTRIBUTES = (CodeSignOnCopy, RemoveHeadersOnCopy, ); }; };
		2D71466C1CCC1715003B8292 /* OCHamcrest.framework in CopyFiles */ = {isa = PBXBuildFile; fileRef = 2D7146681CCC1715003B8292 /* OCHamcrest.framework */; settings = {ATTRIBUTES = (CodeSignOnCopy, RemoveHeadersOnCopy, ); }; };
		2D71466D1CCC1715003B8292 /* OCMockito.framework in CopyFiles */ = {isa = PBXBuildFile; fileRef = 2D7146691CCC1715003B8292 /* OCMockito.framework */; settings = {ATTRIBUTES = (CodeSignOnCopy, RemoveHeadersOnCopy, ); }; };
		2D71466E1CCC1715003B8292 /* Specta.framework in CopyFiles */ = {isa = PBXBuildFile; fileRef = 2D71466A1CCC1715003B8292 /* Specta.framework */; settings = {ATTRIBUTES = (CodeSignOnCopy, RemoveHeadersOnCopy, ); }; };
		2D71466F1CCC171F003B8292 /* Expecta.framework in Frameworks */ = {isa = PBXBuildFile; fileRef = 2D7146671CCC1715003B8292 /* Expecta.framework */; };
		2D7146701CCC171F003B8292 /* OCHamcrest.framework in Frameworks */ = {isa = PBXBuildFile; fileRef = 2D7146681CCC1715003B8292 /* OCHamcrest.framework */; };
		2D7146711CCC171F003B8292 /* OCMockito.framework in Frameworks */ = {isa = PBXBuildFile; fileRef = 2D7146691CCC1715003B8292 /* OCMockito.framework */; };
		2D7146721CCC171F003B8292 /* Specta.framework in Frameworks */ = {isa = PBXBuildFile; fileRef = 2D71466A1CCC1715003B8292 /* Specta.framework */; };
		2D768E8D147ED51A00901E76 /* SpectacleAppDelegate.m in Sources */ = {isa = PBXBuildFile; fileRef = 2D768E8C147ED51A00901E76 /* SpectacleAppDelegate.m */; };
		2D7752101B83E94C00C022EE /* Spectacle.xib in Resources */ = {isa = PBXBuildFile; fileRef = 2DC4E3D01AD84E5C0022ABF0 /* Spectacle.xib */; };
		2D7752111B83E95000C022EE /* SpectaclePreferencesWindow.xib in Resources */ = {isa = PBXBuildFile; fileRef = 2DC4E3D21AD84E5C0022ABF0 /* SpectaclePreferencesWindow.xib */; };
		2D7C114A1B86C7CD00B81E11 /* SpectacleShortcutUserDefaultsStorage.m in Sources */ = {isa = PBXBuildFile; fileRef = 2D7C11491B86C7CD00B81E11 /* SpectacleShortcutUserDefaultsStorage.m */; };
		2D7CF9EB1C6FED50004DC708 /* SpectacleWindowPositionCalculator.m in Sources */ = {isa = PBXBuildFile; fileRef = 2D7CF9EA1C6FED50004DC708 /* SpectacleWindowPositionCalculator.m */; };
		2D8DA04D147E0FA0003BE1D3 /* Defaults.plist in Resources */ = {isa = PBXBuildFile; fileRef = 0706C0431191092B0068F04B /* Defaults.plist */; };
		2D8DA056147E113D003BE1D3 /* SpectacleShortcutManager.m in Sources */ = {isa = PBXBuildFile; fileRef = 07678096118679C600614FB5 /* SpectacleShortcutManager.m */; };
		2D8DA057147E113D003BE1D3 /* SpectacleUtilities.m in Sources */ = {isa = PBXBuildFile; fileRef = 07BB542C1186662F0045663F /* SpectacleUtilities.m */; };
		2D8DA058147E113D003BE1D3 /* SpectacleWindowPositionManager.m in Sources */ = {isa = PBXBuildFile; fileRef = 072EACFF118A4D5A0015FC8A /* SpectacleWindowPositionManager.m */; };
		2D8DA05D147E113D003BE1D3 /* SpectacleHistoryItem.m in Sources */ = {isa = PBXBuildFile; fileRef = 079CDA0E1221BAFF0099612C /* SpectacleHistoryItem.m */; };
		2D8DA05E147E113D003BE1D3 /* main.m in Sources */ = {isa = PBXBuildFile; fileRef = 077938E51184FADB0013BC14 /* main.m */; };
		2D8E2C641C7AAD5A0074129C /* SpectacleJavaScriptEnvironment.m in Sources */ = {isa = PBXBuildFile; fileRef = 2D8E2C631C7AAD5A0074129C /* SpectacleJavaScriptEnvironment.m */; };
		2D98D7311AE064B7007AD995 /* SpectacleWindowPositionCalculationResult.m in Sources */ = {isa = PBXBuildFile; fileRef = 2D98D7301AE064B7007AD995 /* SpectacleWindowPositionCalculationResult.m */; };
		2DA23EFC1B7D736100C9E8EF /* Images.xcassets in Resources */ = {isa = PBXBuildFile; fileRef = 2DA23EFB1B7D736100C9E8EF /* Images.xcassets */; };
		2DAC59F01BB238D900C660ED /* SpectacleQuantizedWindowMover.m in Sources */ = {isa = PBXBuildFile; fileRef = 2DAC59EF1BB238D900C660ED /* SpectacleQuantizedWindowMover.m */; };
		2DAC59F31BB23BE200C660ED /* SpectacleBestEffortWindowMover.m in Sources */ = {isa = PBXBuildFile; fileRef = 2DAC59F21BB23BE200C660ED /* SpectacleBestEffortWindowMover.m */; };
		2DC4E3D41AD84E5C0022ABF0 /* Credits.rtf in Resources */ = {isa = PBXBuildFile; fileRef = 2DC4E3CA1AD84E5C0022ABF0 /* Credits.rtf */; };
		2DC4E3D51AD84E5C0022ABF0 /* InfoPlist.strings in Resources */ = {isa = PBXBuildFile; fileRef = 2DC4E3CC1AD84E5C0022ABF0 /* InfoPlist.strings */; };
		2DC4E3D61AD84E5C0022ABF0 /* Localizable.strings in Resources */ = {isa = PBXBuildFile; fileRef = 2DC4E3CE1AD84E5C0022ABF0 /* Localizable.strings */; };
		2DC8A0171B85097900ABEBD5 /* SpectacleLoginItemHelper.m in Sources */ = {isa = PBXBuildFile; fileRef = 2DC8A0161B85097900ABEBD5 /* SpectacleLoginItemHelper.m */; };
		2DE03E481D7B8F5A004E80D6 /* SpectacleShortcutKeyBindingsSpec.m in Sources */ = {isa = PBXBuildFile; fileRef = 2DE03E471D7B8F5A004E80D6 /* SpectacleShortcutKeyBindingsSpec.m */; };
		2DE03E4B1D7B98D6004E80D6 /* SpectacleShortcutKeyBindings.m in Sources */ = {isa = PBXBuildFile; fileRef = 2DE03E4A1D7B98D6004E80D6 /* SpectacleShortcutKeyBindings.m */; };
/* End PBXBuildFile section */

/* Begin PBXContainerItemProxy section */
		2DA5B7CC19F8BA79007EDE8E /* PBXContainerItemProxy */ = {
			isa = PBXContainerItemProxy;
			containerPortal = 089C1669FE841209C02AAC07 /* Project object */;
			proxyType = 1;
			remoteGlobalIDString = 2D1E1AAF147E06AD0021D73D;
			remoteInfo = Spectacle;
		};
/* End PBXContainerItemProxy section */

/* Begin PBXCopyFilesBuildPhase section */
		2D7146551CCC12A6003B8292 /* Embed Frameworks */ = {
			isa = PBXCopyFilesBuildPhase;
			buildActionMask = 2147483647;
			dstPath = "";
			dstSubfolderSpec = 10;
			files = (
				2D7146541CCC12A6003B8292 /* Sparkle.framework in Embed Frameworks */,
			);
			name = "Embed Frameworks";
			runOnlyForDeploymentPostprocessing = 0;
		};
		2D7146661CCC16FD003B8292 /* CopyFiles */ = {
			isa = PBXCopyFilesBuildPhase;
			buildActionMask = 2147483647;
			dstPath = "";
			dstSubfolderSpec = 10;
			files = (
				2D71466B1CCC1715003B8292 /* Expecta.framework in CopyFiles */,
				2D71466C1CCC1715003B8292 /* OCHamcrest.framework in CopyFiles */,
				2D71466D1CCC1715003B8292 /* OCMockito.framework in CopyFiles */,
				2D71466E1CCC1715003B8292 /* Specta.framework in CopyFiles */,
			);
			runOnlyForDeploymentPostprocessing = 0;
		};
/* End PBXCopyFilesBuildPhase section */

/* Begin PBXFileReference section */
		0706C0431191092B0068F04B /* Defaults.plist */ = {isa = PBXFileReference; fileEncoding = 4; lastKnownFileType = text.plist.xml; name = Defaults.plist; path = "Spectacle/Resources/Property Lists/Defaults.plist"; sourceTree = "<group>"; };
		072EACFE118A4D5A0015FC8A /* SpectacleWindowPositionManager.h */ = {isa = PBXFileReference; fileEncoding = 4; lastKnownFileType = sourcecode.c.h; lineEnding = 0; name = SpectacleWindowPositionManager.h; path = Spectacle/Sources/SpectacleWindowPositionManager.h; sourceTree = "<group>"; xcLanguageSpecificationIdentifier = xcode.lang.objcpp; };
		072EACFF118A4D5A0015FC8A /* SpectacleWindowPositionManager.m */ = {isa = PBXFileReference; fileEncoding = 4; lastKnownFileType = sourcecode.c.objc; lineEnding = 0; name = SpectacleWindowPositionManager.m; path = Spectacle/Sources/SpectacleWindowPositionManager.m; sourceTree = "<group>"; xcLanguageSpecificationIdentifier = xcode.lang.objc; };
		07678095118679C600614FB5 /* SpectacleShortcutManager.h */ = {isa = PBXFileReference; fileEncoding = 4; lastKnownFileType = sourcecode.c.h; lineEnding = 0; name = SpectacleShortcutManager.h; path = Spectacle/Sources/SpectacleShortcutManager.h; sourceTree = "<group>"; xcLanguageSpecificationIdentifier = xcode.lang.objcpp; };
		07678096118679C600614FB5 /* SpectacleShortcutManager.m */ = {isa = PBXFileReference; fileEncoding = 4; lastKnownFileType = sourcecode.c.objc; lineEnding = 0; name = SpectacleShortcutManager.m; path = Spectacle/Sources/SpectacleShortcutManager.m; sourceTree = "<group>"; xcLanguageSpecificationIdentifier = xcode.lang.objc; };
		077938E51184FADB0013BC14 /* main.m */ = {isa = PBXFileReference; fileEncoding = 4; lastKnownFileType = sourcecode.c.objc; lineEnding = 0; name = main.m; path = "Spectacle/Supporting Files/main.m"; sourceTree = "<group>"; xcLanguageSpecificationIdentifier = xcode.lang.objc; };
		07838601148BD517001E7BD7 /* SpectaclePreferencesController.h */ = {isa = PBXFileReference; fileEncoding = 4; lastKnownFileType = sourcecode.c.h; name = SpectaclePreferencesController.h; path = Spectacle/Sources/SpectaclePreferencesController.h; sourceTree = "<group>"; };
		07838602148BD517001E7BD7 /* SpectaclePreferencesController.m */ = {isa = PBXFileReference; fileEncoding = 4; lastKnownFileType = sourcecode.c.objc; name = SpectaclePreferencesController.m; path = Spectacle/Sources/SpectaclePreferencesController.m; sourceTree = "<group>"; };
		079CDA0D1221BAFF0099612C /* SpectacleHistoryItem.h */ = {isa = PBXFileReference; fileEncoding = 4; lastKnownFileType = sourcecode.c.h; name = SpectacleHistoryItem.h; path = Spectacle/Sources/SpectacleHistoryItem.h; sourceTree = "<group>"; };
		079CDA0E1221BAFF0099612C /* SpectacleHistoryItem.m */ = {isa = PBXFileReference; fileEncoding = 4; lastKnownFileType = sourcecode.c.objc; name = SpectacleHistoryItem.m; path = Spectacle/Sources/SpectacleHistoryItem.m; sourceTree = "<group>"; };
		07BB542B1186662F0045663F /* SpectacleUtilities.h */ = {isa = PBXFileReference; fileEncoding = 4; lastKnownFileType = sourcecode.c.h; lineEnding = 0; name = SpectacleUtilities.h; path = Spectacle/Sources/SpectacleUtilities.h; sourceTree = "<group>"; xcLanguageSpecificationIdentifier = xcode.lang.objcpp; };
		07BB542C1186662F0045663F /* SpectacleUtilities.m */ = {isa = PBXFileReference; fileEncoding = 4; lastKnownFileType = sourcecode.c.objc; lineEnding = 0; name = SpectacleUtilities.m; path = Spectacle/Sources/SpectacleUtilities.m; sourceTree = "<group>"; xcLanguageSpecificationIdentifier = xcode.lang.objc; };
		2D0759A51C71746500A17E80 /* SpectacleWindowPositionCalculationRegistry.h */ = {isa = PBXFileReference; fileEncoding = 4; lastKnownFileType = sourcecode.c.h; name = SpectacleWindowPositionCalculationRegistry.h; path = Spectacle/Sources/SpectacleWindowPositionCalculationRegistry.h; sourceTree = "<group>"; };
		2D0759A61C71746500A17E80 /* SpectacleWindowPositionCalculationRegistry.m */ = {isa = PBXFileReference; fileEncoding = 4; lastKnownFileType = sourcecode.c.objc; name = SpectacleWindowPositionCalculationRegistry.m; path = Spectacle/Sources/SpectacleWindowPositionCalculationRegistry.m; sourceTree = "<group>"; };
		2D1AE52315D715F400EAC5BD /* SpectacleRegisteredShortcutValidator.h */ = {isa = PBXFileReference; fileEncoding = 4; lastKnownFileType = sourcecode.c.h; lineEnding = 0; name = SpectacleRegisteredShortcutValidator.h; path = Spectacle/Sources/SpectacleRegisteredShortcutValidator.h; sourceTree = "<group>"; xcLanguageSpecificationIdentifier = xcode.lang.objcpp; };
		2D1AE52415D715F400EAC5BD /* SpectacleRegisteredShortcutValidator.m */ = {isa = PBXFileReference; fileEncoding = 4; lastKnownFileType = sourcecode.c.objc; lineEnding = 0; name = SpectacleRegisteredShortcutValidator.m; path = Spectacle/Sources/SpectacleRegisteredShortcutValidator.m; sourceTree = "<group>"; xcLanguageSpecificationIdentifier = xcode.lang.objc; };
		2D1E1AB0147E06AD0021D73D /* Spectacle.app */ = {isa = PBXFileReference; explicitFileType = wrapper.application; includeInIndex = 0; path = Spectacle.app; sourceTree = BUILT_PRODUCTS_DIR; };
		2D1E1AD2147E07E50021D73D /* Info.plist */ = {isa = PBXFileReference; fileEncoding = 4; lastKnownFileType = text.plist.xml; name = Info.plist; path = "Spectacle/Supporting Files/Info.plist"; sourceTree = "<group>"; };
		2D20F0081CD18ED7003DDA5B /* SpectacleBottomHalfWindowCalculationSpec.m */ = {isa = PBXFileReference; fileEncoding = 4; lastKnownFileType = sourcecode.c.objc; name = SpectacleBottomHalfWindowCalculationSpec.m; path = Sources/SpectacleBottomHalfWindowCalculationSpec.m; sourceTree = "<group>"; };
		2D20F0091CD18ED7003DDA5B /* SpectacleCenterWindowCalculationSpec.m */ = {isa = PBXFileReference; fileEncoding = 4; lastKnownFileType = sourcecode.c.objc; name = SpectacleCenterWindowCalculationSpec.m; path = Sources/SpectacleCenterWindowCalculationSpec.m; sourceTree = "<group>"; };
		2D20F00A1CD18ED7003DDA5B /* SpectacleFullscreenWindowCalculationSpec.m */ = {isa = PBXFileReference; fileEncoding = 4; lastKnownFileType = sourcecode.c.objc; name = SpectacleFullscreenWindowCalculationSpec.m; path = Sources/SpectacleFullscreenWindowCalculationSpec.m; sourceTree = "<group>"; };
		2D20F00B1CD18ED7003DDA5B /* SpectacleLargerWindowCalculationSpec.m */ = {isa = PBXFileReference; fileEncoding = 4; lastKnownFileType = sourcecode.c.objc; name = SpectacleLargerWindowCalculationSpec.m; path = Sources/SpectacleLargerWindowCalculationSpec.m; sourceTree = "<group>"; };
		2D20F00C1CD18ED7003DDA5B /* SpectacleLeftHalfWindowCalculationSpec.m */ = {isa = PBXFileReference; fileEncoding = 4; lastKnownFileType = sourcecode.c.objc; name = SpectacleLeftHalfWindowCalculationSpec.m; path = Sources/SpectacleLeftHalfWindowCalculationSpec.m; sourceTree = "<group>"; };
		2D20F00D1CD18ED7003DDA5B /* SpectacleLowerLeftWindowCalculationSpec.m */ = {isa = PBXFileReference; fileEncoding = 4; lastKnownFileType = sourcecode.c.objc; name = SpectacleLowerLeftWindowCalculationSpec.m; path = Sources/SpectacleLowerLeftWindowCalculationSpec.m; sourceTree = "<group>"; };
		2D20F00E1CD18ED7003DDA5B /* SpectacleLowerRightWindowCalculationSpec.m */ = {isa = PBXFileReference; fileEncoding = 4; lastKnownFileType = sourcecode.c.objc; name = SpectacleLowerRightWindowCalculationSpec.m; path = Sources/SpectacleLowerRightWindowCalculationSpec.m; sourceTree = "<group>"; };
		2D20F00F1CD18ED7003DDA5B /* SpectacleNextDisplayWindowCalculationSpec.m */ = {isa = PBXFileReference; fileEncoding = 4; lastKnownFileType = sourcecode.c.objc; name = SpectacleNextDisplayWindowCalculationSpec.m; path = Sources/SpectacleNextDisplayWindowCalculationSpec.m; sourceTree = "<group>"; };
		2D20F0101CD18ED7003DDA5B /* SpectacleNextThirdWindowCalculationSpec.m */ = {isa = PBXFileReference; fileEncoding = 4; lastKnownFileType = sourcecode.c.objc; name = SpectacleNextThirdWindowCalculationSpec.m; path = Sources/SpectacleNextThirdWindowCalculationSpec.m; sourceTree = "<group>"; };
		2D20F0111CD18ED7003DDA5B /* SpectaclePreviousDisplayWindowCalculationSpec.m */ = {isa = PBXFileReference; fileEncoding = 4; lastKnownFileType = sourcecode.c.objc; name = SpectaclePreviousDisplayWindowCalculationSpec.m; path = Sources/SpectaclePreviousDisplayWindowCalculationSpec.m; sourceTree = "<group>"; };
		2D20F0121CD18ED7003DDA5B /* SpectaclePreviousThirdWindowCalculationSpec.m */ = {isa = PBXFileReference; fileEncoding = 4; lastKnownFileType = sourcecode.c.objc; name = SpectaclePreviousThirdWindowCalculationSpec.m; path = Sources/SpectaclePreviousThirdWindowCalculationSpec.m; sourceTree = "<group>"; };
		2D20F0131CD18ED7003DDA5B /* SpectacleRightHalfWindowCalculationSpec.m */ = {isa = PBXFileReference; fileEncoding = 4; lastKnownFileType = sourcecode.c.objc; name = SpectacleRightHalfWindowCalculationSpec.m; path = Sources/SpectacleRightHalfWindowCalculationSpec.m; sourceTree = "<group>"; };
		2D20F0141CD18ED7003DDA5B /* SpectacleSmallerWindowCalculationSpec.m */ = {isa = PBXFileReference; fileEncoding = 4; lastKnownFileType = sourcecode.c.objc; name = SpectacleSmallerWindowCalculationSpec.m; path = Sources/SpectacleSmallerWindowCalculationSpec.m; sourceTree = "<group>"; };
		2D20F0151CD18ED7003DDA5B /* SpectacleTopHalfWindowCalculationSpec.m */ = {isa = PBXFileReference; fileEncoding = 4; lastKnownFileType = sourcecode.c.objc; name = SpectacleTopHalfWindowCalculationSpec.m; path = Sources/SpectacleTopHalfWindowCalculationSpec.m; sourceTree = "<group>"; };
		2D20F0161CD18ED7003DDA5B /* SpectacleUpperLeftWindowCalculationSpec.m */ = {isa = PBXFileReference; fileEncoding = 4; lastKnownFileType = sourcecode.c.objc; name = SpectacleUpperLeftWindowCalculationSpec.m; path = Sources/SpectacleUpperLeftWindowCalculationSpec.m; sourceTree = "<group>"; };
		2D20F0171CD18ED7003DDA5B /* SpectacleUpperRightWindowCalculationSpec.m */ = {isa = PBXFileReference; fileEncoding = 4; lastKnownFileType = sourcecode.c.objc; name = SpectacleUpperRightWindowCalculationSpec.m; path = Sources/SpectacleUpperRightWindowCalculationSpec.m; sourceTree = "<group>"; };
		2D20F0281CD1969D003DDA5B /* SpectacleWindowPositionManagerSpec.m */ = {isa = PBXFileReference; fileEncoding = 4; lastKnownFileType = sourcecode.c.objc; name = SpectacleWindowPositionManagerSpec.m; path = Sources/SpectacleWindowPositionManagerSpec.m; sourceTree = "<group>"; };
		2D2490DF1C7A5BD900A4282B /* fi */ = {isa = PBXFileReference; lastKnownFileType = text.plist.strings; name = fi; path = Spectacle/Resources/Localizations/fi.lproj/Spectacle.strings; sourceTree = "<group>"; };
		2D2490E01C7A5BD900A4282B /* fi */ = {isa = PBXFileReference; lastKnownFileType = text.plist.strings; name = fi; path = Spectacle/Resources/Localizations/fi.lproj/SpectaclePreferencesWindow.strings; sourceTree = "<group>"; };
		2D2490E11C7A5BD900A4282B /* fi */ = {isa = PBXFileReference; lastKnownFileType = text.rtf; name = fi; path = Spectacle/Resources/Localizations/fi.lproj/Credits.rtf; sourceTree = "<group>"; };
		2D2490E21C7A5BD900A4282B /* fi */ = {isa = PBXFileReference; fileEncoding = 10; lastKnownFileType = text.plist.strings; name = fi; path = Spectacle/Resources/Localizations/fi.lproj/InfoPlist.strings; sourceTree = "<group>"; };
		2D2490E31C7A5BD900A4282B /* fi */ = {isa = PBXFileReference; fileEncoding = 10; lastKnownFileType = text.plist.strings; name = fi; path = Spectacle/Resources/Localizations/fi.lproj/Localizable.strings; sourceTree = "<group>"; };
		2D24ACB31CC723F600AB3984 /* SpectacleWindowAction.m */ = {isa = PBXFileReference; fileEncoding = 4; lastKnownFileType = sourcecode.c.objc; name = SpectacleWindowAction.m; path = Spectacle/Sources/SpectacleWindowAction.m; sourceTree = "<group>"; };
		2D24ACB51CC8728E00AB3984 /* SpectacleShortcutHolder.h */ = {isa = PBXFileReference; fileEncoding = 4; lastKnownFileType = sourcecode.c.h; name = SpectacleShortcutHolder.h; path = Spectacle/Sources/SpectacleShortcutHolder.h; sourceTree = "<group>"; };
		2D24ACB61CC8728E00AB3984 /* SpectacleShortcutHolder.m */ = {isa = PBXFileReference; fileEncoding = 4; lastKnownFileType = sourcecode.c.objc; lineEnding = 0; name = SpectacleShortcutHolder.m; path = Spectacle/Sources/SpectacleShortcutHolder.m; sourceTree = "<group>"; xcLanguageSpecificationIdentifier = xcode.lang.objc; };
		2D2629441CCECB9E009D1ED0 /* SpectacleScreenDetectionResult.h */ = {isa = PBXFileReference; fileEncoding = 4; lastKnownFileType = sourcecode.c.h; name = SpectacleScreenDetectionResult.h; path = Spectacle/Sources/SpectacleScreenDetectionResult.h; sourceTree = "<group>"; };
		2D2629451CCECB9E009D1ED0 /* SpectacleScreenDetectionResult.m */ = {isa = PBXFileReference; fileEncoding = 4; lastKnownFileType = sourcecode.c.objc; name = SpectacleScreenDetectionResult.m; path = Spectacle/Sources/SpectacleScreenDetectionResult.m; sourceTree = "<group>"; };
		2D279ED216BB4A7800F6894A /* SpectacleHistory.h */ = {isa = PBXFileReference; fileEncoding = 4; lastKnownFileType = sourcecode.c.h; name = SpectacleHistory.h; path = Spectacle/Sources/SpectacleHistory.h; sourceTree = "<group>"; };
		2D279ED316BB4A7800F6894A /* SpectacleHistory.m */ = {isa = PBXFileReference; fileEncoding = 4; lastKnownFileType = sourcecode.c.objc; lineEnding = 0; name = SpectacleHistory.m; path = Spectacle/Sources/SpectacleHistory.m; sourceTree = "<group>"; xcLanguageSpecificationIdentifier = xcode.lang.objc; };
		2D2A61A31DC2CD9C00D86193 /* es */ = {isa = PBXFileReference; lastKnownFileType = text.plist.strings; name = es; path = Spectacle/Resources/Localizations/es.lproj/Spectacle.strings; sourceTree = "<group>"; };
		2D2A61A41DC2CD9C00D86193 /* es */ = {isa = PBXFileReference; lastKnownFileType = text.plist.strings; name = es; path = Spectacle/Resources/Localizations/es.lproj/SpectaclePreferencesWindow.strings; sourceTree = "<group>"; };
		2D2A61A51DC2CD9C00D86193 /* es */ = {isa = PBXFileReference; lastKnownFileType = text.rtf; name = es; path = Spectacle/Resources/Localizations/es.lproj/Credits.rtf; sourceTree = "<group>"; };
		2D2A61A61DC2CD9C00D86193 /* es */ = {isa = PBXFileReference; fileEncoding = 10; lastKnownFileType = text.plist.strings; name = es; path = Spectacle/Resources/Localizations/es.lproj/InfoPlist.strings; sourceTree = "<group>"; };
		2D2A61A71DC2CD9C00D86193 /* es */ = {isa = PBXFileReference; fileEncoding = 10; lastKnownFileType = text.plist.strings; name = es; path = Spectacle/Resources/Localizations/es.lproj/Localizable.strings; sourceTree = "<group>"; };
		2D3A04FC194956E100CD96E7 /* SpectacleAccessibilityElement.h */ = {isa = PBXFileReference; fileEncoding = 4; lastKnownFileType = sourcecode.c.h; lineEnding = 0; name = SpectacleAccessibilityElement.h; path = Spectacle/Sources/SpectacleAccessibilityElement.h; sourceTree = "<group>"; xcLanguageSpecificationIdentifier = xcode.lang.objcpp; };
		2D3A04FD194956E100CD96E7 /* SpectacleAccessibilityElement.m */ = {isa = PBXFileReference; fileEncoding = 4; lastKnownFileType = sourcecode.c.objc; lineEnding = 0; name = SpectacleAccessibilityElement.m; path = Spectacle/Sources/SpectacleAccessibilityElement.m; sourceTree = "<group>"; xcLanguageSpecificationIdentifier = xcode.lang.objc; };
		2D3A04FF194956E100CD96E7 /* SpectacleShortcut.h */ = {isa = PBXFileReference; fileEncoding = 4; lastKnownFileType = sourcecode.c.h; lineEnding = 0; name = SpectacleShortcut.h; path = Spectacle/Sources/SpectacleShortcut.h; sourceTree = "<group>"; xcLanguageSpecificationIdentifier = xcode.lang.objcpp; };
		2D3A0500194956E100CD96E7 /* SpectacleShortcut.m */ = {isa = PBXFileReference; fileEncoding = 4; lastKnownFileType = sourcecode.c.objc; lineEnding = 0; name = SpectacleShortcut.m; path = Spectacle/Sources/SpectacleShortcut.m; sourceTree = "<group>"; xcLanguageSpecificationIdentifier = xcode.lang.objc; };
		2D3A0501194956E100CD96E7 /* SpectacleShortcutRecorder.h */ = {isa = PBXFileReference; fileEncoding = 4; lastKnownFileType = sourcecode.c.h; name = SpectacleShortcutRecorder.h; path = Spectacle/Sources/SpectacleShortcutRecorder.h; sourceTree = "<group>"; };
		2D3A0502194956E100CD96E7 /* SpectacleShortcutRecorder.m */ = {isa = PBXFileReference; fileEncoding = 4; lastKnownFileType = sourcecode.c.objc; name = SpectacleShortcutRecorder.m; path = Spectacle/Sources/SpectacleShortcutRecorder.m; sourceTree = "<group>"; };
		2D3A0505194956E100CD96E7 /* SpectacleShortcutRecorderDelegate.h */ = {isa = PBXFileReference; fileEncoding = 4; lastKnownFileType = sourcecode.c.h; name = SpectacleShortcutRecorderDelegate.h; path = Spectacle/Sources/SpectacleShortcutRecorderDelegate.h; sourceTree = "<group>"; };
		2D3A0506194956E100CD96E7 /* SpectacleShortcutTranslations.h */ = {isa = PBXFileReference; fileEncoding = 4; lastKnownFileType = sourcecode.c.h; name = SpectacleShortcutTranslations.h; path = Spectacle/Sources/SpectacleShortcutTranslations.h; sourceTree = "<group>"; };
		2D3A0507194956E100CD96E7 /* SpectacleShortcutTranslations.m */ = {isa = PBXFileReference; fileEncoding = 4; lastKnownFileType = sourcecode.c.objc; lineEnding = 0; name = SpectacleShortcutTranslations.m; path = Spectacle/Sources/SpectacleShortcutTranslations.m; sourceTree = "<group>"; xcLanguageSpecificationIdentifier = xcode.lang.objc; };
		2D3A0508194956E100CD96E7 /* SpectacleShortcutValidation.h */ = {isa = PBXFileReference; fileEncoding = 4; lastKnownFileType = sourcecode.c.h; name = SpectacleShortcutValidation.h; path = Spectacle/Sources/SpectacleShortcutValidation.h; sourceTree = "<group>"; };
		2D3A0509194956E100CD96E7 /* SpectacleShortcutValidation.m */ = {isa = PBXFileReference; fileEncoding = 4; lastKnownFileType = sourcecode.c.objc; lineEnding = 0; name = SpectacleShortcutValidation.m; path = Spectacle/Sources/SpectacleShortcutValidation.m; sourceTree = "<group>"; xcLanguageSpecificationIdentifier = xcode.lang.objc; };
		2D3A050A194956E100CD96E7 /* SpectacleShortcutValidator.h */ = {isa = PBXFileReference; fileEncoding = 4; lastKnownFileType = sourcecode.c.h; name = SpectacleShortcutValidator.h; path = Spectacle/Sources/SpectacleShortcutValidator.h; sourceTree = "<group>"; };
		2D4F3ECE14A27B4500C29D11 /* SpectacleScreenDetector.h */ = {isa = PBXFileReference; fileEncoding = 4; lastKnownFileType = sourcecode.c.h; name = SpectacleScreenDetector.h; path = Spectacle/Sources/SpectacleScreenDetector.h; sourceTree = "<group>"; };
		2D4F3ECF14A27B4500C29D11 /* SpectacleScreenDetector.m */ = {isa = PBXFileReference; fileEncoding = 4; lastKnownFileType = sourcecode.c.objc; name = SpectacleScreenDetector.m; path = Spectacle/Sources/SpectacleScreenDetector.m; sourceTree = "<group>"; };
		2D5565B0181EDB7F00EFB43A /* Security & Privacy System Preferences.scpt */ = {isa = PBXFileReference; lastKnownFileType = file; name = "Security & Privacy System Preferences.scpt"; path = "Spectacle/Resources/Scripts/Security & Privacy System Preferences.scpt"; sourceTree = "<group>"; };
		2D5783EF1BB63BDD00695771 /* SpectacleStandardWindowMover.h */ = {isa = PBXFileReference; fileEncoding = 4; lastKnownFileType = sourcecode.c.h; name = SpectacleStandardWindowMover.h; path = Spectacle/Sources/SpectacleStandardWindowMover.h; sourceTree = "<group>"; };
		2D5783F01BB63BDD00695771 /* SpectacleStandardWindowMover.m */ = {isa = PBXFileReference; fileEncoding = 4; lastKnownFileType = sourcecode.c.objc; name = SpectacleStandardWindowMover.m; path = Spectacle/Sources/SpectacleStandardWindowMover.m; sourceTree = "<group>"; };
		2D58AE331D7D19AF00BFEEA2 /* SpectacleShortcutTranslationsSpec.m */ = {isa = PBXFileReference; fileEncoding = 4; lastKnownFileType = sourcecode.c.objc; name = SpectacleShortcutTranslationsSpec.m; path = Sources/SpectacleShortcutTranslationsSpec.m; sourceTree = "<group>"; };
		2D58AE351D7D2D5300BFEEA2 /* SpectacleShortcutSpec.m */ = {isa = PBXFileReference; fileEncoding = 4; lastKnownFileType = sourcecode.c.objc; lineEnding = 0; name = SpectacleShortcutSpec.m; path = Sources/SpectacleShortcutSpec.m; sourceTree = "<group>"; xcLanguageSpecificationIdentifier = xcode.lang.objc; };
		2D58CC381C7030B800E3DC74 /* Window Position Calculations */ = {isa = PBXFileReference; lastKnownFileType = folder; name = "Window Position Calculations"; path = "Spectacle/Resources/Window Position Calculations"; sourceTree = "<group>"; };
		2D5A83031CDAFDEB00EBE80A /* SpectacleShortcutJSONStorage.h */ = {isa = PBXFileReference; fileEncoding = 4; lastKnownFileType = sourcecode.c.h; name = SpectacleShortcutJSONStorage.h; path = Spectacle/Sources/SpectacleShortcutJSONStorage.h; sourceTree = "<group>"; };
		2D5A83041CDAFDEB00EBE80A /* SpectacleShortcutJSONStorage.m */ = {isa = PBXFileReference; fileEncoding = 4; lastKnownFileType = sourcecode.c.objc; lineEnding = 0; name = SpectacleShortcutJSONStorage.m; path = Spectacle/Sources/SpectacleShortcutJSONStorage.m; sourceTree = "<group>"; xcLanguageSpecificationIdentifier = xcode.lang.objc; };
		2D5A83071CDB020A00EBE80A /* SpectacleMigratingShortcutStorage.h */ = {isa = PBXFileReference; fileEncoding = 4; lastKnownFileType = sourcecode.c.h; name = SpectacleMigratingShortcutStorage.h; path = Spectacle/Sources/SpectacleMigratingShortcutStorage.h; sourceTree = "<group>"; };
		2D5A83081CDB020A00EBE80A /* SpectacleMigratingShortcutStorage.m */ = {isa = PBXFileReference; fileEncoding = 4; lastKnownFileType = sourcecode.c.objc; name = SpectacleMigratingShortcutStorage.m; path = Spectacle/Sources/SpectacleMigratingShortcutStorage.m; sourceTree = "<group>"; };
		2D5A830C1CDC363B00EBE80A /* SpectacleShortcutStorageMigrationDestination.h */ = {isa = PBXFileReference; lastKnownFileType = sourcecode.c.h; name = SpectacleShortcutStorageMigrationDestination.h; path = Spectacle/Sources/SpectacleShortcutStorageMigrationDestination.h; sourceTree = "<group>"; };
		2D5A830D1CDC475B00EBE80A /* SpectacleDefaultShortcutHelpers.h */ = {isa = PBXFileReference; fileEncoding = 4; lastKnownFileType = sourcecode.c.h; name = SpectacleDefaultShortcutHelpers.h; path = Spectacle/Sources/SpectacleDefaultShortcutHelpers.h; sourceTree = "<group>"; };
		2D5A830E1CDC475B00EBE80A /* SpectacleDefaultShortcutHelpers.m */ = {isa = PBXFileReference; fileEncoding = 4; lastKnownFileType = sourcecode.c.objc; lineEnding = 0; name = SpectacleDefaultShortcutHelpers.m; path = Spectacle/Sources/SpectacleDefaultShortcutHelpers.m; sourceTree = "<group>"; xcLanguageSpecificationIdentifier = xcode.lang.objc; };
		2D5CCCE815E96F740009CC43 /* dsa_public.pem */ = {isa = PBXFileReference; fileEncoding = 4; lastKnownFileType = text; name = dsa_public.pem; path = Spectacle/Resources/Certificates/dsa_public.pem; sourceTree = "<group>"; };
		2D7146521CCC12A6003B8292 /* Sparkle.framework */ = {isa = PBXFileReference; lastKnownFileType = wrapper.framework; name = Sparkle.framework; path = Carthage/Build/Mac/Sparkle.framework; sourceTree = "<group>"; };
		2D7146671CCC1715003B8292 /* Expecta.framework */ = {isa = PBXFileReference; lastKnownFileType = wrapper.framework; name = Expecta.framework; path = ../Carthage/Build/Mac/Expecta.framework; sourceTree = "<group>"; };
		2D7146681CCC1715003B8292 /* OCHamcrest.framework */ = {isa = PBXFileReference; lastKnownFileType = wrapper.framework; name = OCHamcrest.framework; path = ../Carthage/Build/Mac/OCHamcrest.framework; sourceTree = "<group>"; };
		2D7146691CCC1715003B8292 /* OCMockito.framework */ = {isa = PBXFileReference; lastKnownFileType = wrapper.framework; name = OCMockito.framework; path = ../Carthage/Build/Mac/OCMockito.framework; sourceTree = "<group>"; };
		2D71466A1CCC1715003B8292 /* Specta.framework */ = {isa = PBXFileReference; lastKnownFileType = wrapper.framework; name = Specta.framework; path = ../Carthage/Build/Mac/Specta.framework; sourceTree = "<group>"; };
		2D768E8B147ED51A00901E76 /* SpectacleAppDelegate.h */ = {isa = PBXFileReference; fileEncoding = 4; lastKnownFileType = sourcecode.c.h; lineEnding = 0; name = SpectacleAppDelegate.h; path = Spectacle/Sources/SpectacleAppDelegate.h; sourceTree = "<group>"; xcLanguageSpecificationIdentifier = xcode.lang.objcpp; };
		2D768E8C147ED51A00901E76 /* SpectacleAppDelegate.m */ = {isa = PBXFileReference; fileEncoding = 4; lastKnownFileType = sourcecode.c.objc; lineEnding = 0; name = SpectacleAppDelegate.m; path = Spectacle/Sources/SpectacleAppDelegate.m; sourceTree = "<group>"; xcLanguageSpecificationIdentifier = xcode.lang.objc; };
		2D7C11471B86C63A00B81E11 /* SpectacleShortcutStorage.h */ = {isa = PBXFileReference; lastKnownFileType = sourcecode.c.h; name = SpectacleShortcutStorage.h; path = Spectacle/Sources/SpectacleShortcutStorage.h; sourceTree = "<group>"; };
		2D7C11481B86C7CD00B81E11 /* SpectacleShortcutUserDefaultsStorage.h */ = {isa = PBXFileReference; fileEncoding = 4; lastKnownFileType = sourcecode.c.h; name = SpectacleShortcutUserDefaultsStorage.h; path = Spectacle/Sources/SpectacleShortcutUserDefaultsStorage.h; sourceTree = "<group>"; };
		2D7C11491B86C7CD00B81E11 /* SpectacleShortcutUserDefaultsStorage.m */ = {isa = PBXFileReference; fileEncoding = 4; lastKnownFileType = sourcecode.c.objc; name = SpectacleShortcutUserDefaultsStorage.m; path = Spectacle/Sources/SpectacleShortcutUserDefaultsStorage.m; sourceTree = "<group>"; };
		2D7CF9E91C6FED50004DC708 /* SpectacleWindowPositionCalculator.h */ = {isa = PBXFileReference; fileEncoding = 4; lastKnownFileType = sourcecode.c.h; name = SpectacleWindowPositionCalculator.h; path = Spectacle/Sources/SpectacleWindowPositionCalculator.h; sourceTree = "<group>"; };
		2D7CF9EA1C6FED50004DC708 /* SpectacleWindowPositionCalculator.m */ = {isa = PBXFileReference; fileEncoding = 4; lastKnownFileType = sourcecode.c.objc; name = SpectacleWindowPositionCalculator.m; path = Spectacle/Sources/SpectacleWindowPositionCalculator.m; sourceTree = "<group>"; };
		2D8E2C621C7AAD5A0074129C /* SpectacleJavaScriptEnvironment.h */ = {isa = PBXFileReference; fileEncoding = 4; lastKnownFileType = sourcecode.c.h; name = SpectacleJavaScriptEnvironment.h; path = Spectacle/Sources/SpectacleJavaScriptEnvironment.h; sourceTree = "<group>"; };
		2D8E2C631C7AAD5A0074129C /* SpectacleJavaScriptEnvironment.m */ = {isa = PBXFileReference; fileEncoding = 4; lastKnownFileType = sourcecode.c.objc; name = SpectacleJavaScriptEnvironment.m; path = Spectacle/Sources/SpectacleJavaScriptEnvironment.m; sourceTree = "<group>"; };
		2D98D72C1ADDBBF6007AD995 /* fr */ = {isa = PBXFileReference; fileEncoding = 10; lastKnownFileType = text.plist.strings; name = fr; path = Spectacle/Resources/Localizations/fr.lproj/InfoPlist.strings; sourceTree = "<group>"; };
		2D98D72D1ADDBBF6007AD995 /* fr */ = {isa = PBXFileReference; fileEncoding = 10; lastKnownFileType = text.plist.strings; name = fr; path = Spectacle/Resources/Localizations/fr.lproj/Localizable.strings; sourceTree = "<group>"; };
		2D98D72E1ADDBBF6007AD995 /* fr */ = {isa = PBXFileReference; lastKnownFileType = text.rtf; name = fr; path = Spectacle/Resources/Localizations/fr.lproj/Credits.rtf; sourceTree = "<group>"; };
		2D98D72F1AE064B7007AD995 /* SpectacleWindowPositionCalculationResult.h */ = {isa = PBXFileReference; fileEncoding = 4; lastKnownFileType = sourcecode.c.h; name = SpectacleWindowPositionCalculationResult.h; path = Spectacle/Sources/SpectacleWindowPositionCalculationResult.h; sourceTree = "<group>"; };
		2D98D7301AE064B7007AD995 /* SpectacleWindowPositionCalculationResult.m */ = {isa = PBXFileReference; fileEncoding = 4; lastKnownFileType = sourcecode.c.objc; lineEnding = 0; name = SpectacleWindowPositionCalculationResult.m; path = Spectacle/Sources/SpectacleWindowPositionCalculationResult.m; sourceTree = "<group>"; xcLanguageSpecificationIdentifier = xcode.lang.objc; };
		2DA23EFB1B7D736100C9E8EF /* Images.xcassets */ = {isa = PBXFileReference; lastKnownFileType = folder.assetcatalog; name = Images.xcassets; path = Spectacle/Resources/Images.xcassets; sourceTree = "<group>"; };
		2DA23EFD1B80FB6400C9E8EF /* it */ = {isa = PBXFileReference; fileEncoding = 10; lastKnownFileType = text.plist.strings; name = it; path = Spectacle/Resources/Localizations/it.lproj/InfoPlist.strings; sourceTree = "<group>"; };
		2DA23EFE1B80FF6F00C9E8EF /* Base */ = {isa = PBXFileReference; lastKnownFileType = file.xib; name = Base; path = Spectacle/Resources/Localizations/Base.lproj/Spectacle.xib; sourceTree = "<group>"; };
		2DA23EFF1B80FF6F00C9E8EF /* Base */ = {isa = PBXFileReference; lastKnownFileType = file.xib; name = Base; path = Spectacle/Resources/Localizations/Base.lproj/SpectaclePreferencesWindow.xib; sourceTree = "<group>"; };
		2DA23F031B81016B00C9E8EF /* fr */ = {isa = PBXFileReference; lastKnownFileType = text.plist.strings; name = fr; path = Spectacle/Resources/Localizations/fr.lproj/Spectacle.strings; sourceTree = "<group>"; };
		2DA23F051B81017000C9E8EF /* fr */ = {isa = PBXFileReference; lastKnownFileType = text.plist.strings; name = fr; path = Spectacle/Resources/Localizations/fr.lproj/SpectaclePreferencesWindow.strings; sourceTree = "<group>"; };
		2DA23F071B8109D400C9E8EF /* it */ = {isa = PBXFileReference; lastKnownFileType = text.plist.strings; name = it; path = Spectacle/Resources/Localizations/it.lproj/Spectacle.strings; sourceTree = "<group>"; };
		2DA23F091B8109D900C9E8EF /* it */ = {isa = PBXFileReference; lastKnownFileType = text.plist.strings; name = it; path = Spectacle/Resources/Localizations/it.lproj/SpectaclePreferencesWindow.strings; sourceTree = "<group>"; };
		2DA5B7C619F8BA79007EDE8E /* SpectacleSpecs.xctest */ = {isa = PBXFileReference; explicitFileType = wrapper.cfbundle; includeInIndex = 0; path = SpectacleSpecs.xctest; sourceTree = BUILT_PRODUCTS_DIR; };
		2DA5B7C919F8BA79007EDE8E /* Info.plist */ = {isa = PBXFileReference; lastKnownFileType = text.plist.xml; name = Info.plist; path = "Supporting Files/Info.plist"; sourceTree = "<group>"; };
		2DAC59E81BB234F500C660ED /* SpectacleWindowMover.h */ = {isa = PBXFileReference; lastKnownFileType = sourcecode.c.h; name = SpectacleWindowMover.h; path = Spectacle/Sources/SpectacleWindowMover.h; sourceTree = "<group>"; };
		2DAC59EE1BB238D900C660ED /* SpectacleQuantizedWindowMover.h */ = {isa = PBXFileReference; fileEncoding = 4; lastKnownFileType = sourcecode.c.h; name = SpectacleQuantizedWindowMover.h; path = Spectacle/Sources/SpectacleQuantizedWindowMover.h; sourceTree = "<group>"; };
		2DAC59EF1BB238D900C660ED /* SpectacleQuantizedWindowMover.m */ = {isa = PBXFileReference; fileEncoding = 4; lastKnownFileType = sourcecode.c.objc; name = SpectacleQuantizedWindowMover.m; path = Spectacle/Sources/SpectacleQuantizedWindowMover.m; sourceTree = "<group>"; };
		2DAC59F11BB23BE200C660ED /* SpectacleBestEffortWindowMover.h */ = {isa = PBXFileReference; fileEncoding = 4; lastKnownFileType = sourcecode.c.h; name = SpectacleBestEffortWindowMover.h; path = Spectacle/Sources/SpectacleBestEffortWindowMover.h; sourceTree = "<group>"; };
		2DAC59F21BB23BE200C660ED /* SpectacleBestEffortWindowMover.m */ = {isa = PBXFileReference; fileEncoding = 4; lastKnownFileType = sourcecode.c.objc; name = SpectacleBestEffortWindowMover.m; path = Spectacle/Sources/SpectacleBestEffortWindowMover.m; sourceTree = "<group>"; };
		2DAC59F51BB241DE00C660ED /* SpectacleWindowAction.h */ = {isa = PBXFileReference; lastKnownFileType = sourcecode.c.h; name = SpectacleWindowAction.h; path = Spectacle/Sources/SpectacleWindowAction.h; sourceTree = "<group>"; };
		2DB075441CD041A5001CE204 /* SpectacleMacros.h */ = {isa = PBXFileReference; fileEncoding = 4; lastKnownFileType = sourcecode.c.h; name = SpectacleMacros.h; path = Spectacle/Sources/SpectacleMacros.h; sourceTree = "<group>"; };
		2DC4E3CB1AD84E5C0022ABF0 /* en */ = {isa = PBXFileReference; lastKnownFileType = text.rtf; name = en; path = Spectacle/Resources/Localizations/en.lproj/Credits.rtf; sourceTree = "<group>"; };
		2DC4E3CD1AD84E5C0022ABF0 /* en */ = {isa = PBXFileReference; fileEncoding = 10; lastKnownFileType = text.plist.strings; name = en; path = Spectacle/Resources/Localizations/en.lproj/InfoPlist.strings; sourceTree = "<group>"; };
		2DC4E3CF1AD84E5C0022ABF0 /* en */ = {isa = PBXFileReference; fileEncoding = 10; lastKnownFileType = text.plist.strings; name = en; path = Spectacle/Resources/Localizations/en.lproj/Localizable.strings; sourceTree = "<group>"; };
		2DC4E3D91AD84E7F0022ABF0 /* it */ = {isa = PBXFileReference; fileEncoding = 10; lastKnownFileType = text.plist.strings; name = it; path = Spectacle/Resources/Localizations/it.lproj/Localizable.strings; sourceTree = "<group>"; };
		2DC4E3DA1AD84E7F0022ABF0 /* it */ = {isa = PBXFileReference; lastKnownFileType = text.rtf; name = it; path = Spectacle/Resources/Localizations/it.lproj/Credits.rtf; sourceTree = "<group>"; };
		2DC8A0151B85097900ABEBD5 /* SpectacleLoginItemHelper.h */ = {isa = PBXFileReference; fileEncoding = 4; lastKnownFileType = sourcecode.c.h; name = SpectacleLoginItemHelper.h; path = Spectacle/Sources/SpectacleLoginItemHelper.h; sourceTree = "<group>"; };
		2DC8A0161B85097900ABEBD5 /* SpectacleLoginItemHelper.m */ = {isa = PBXFileReference; fileEncoding = 4; lastKnownFileType = sourcecode.c.objc; name = SpectacleLoginItemHelper.m; path = Spectacle/Sources/SpectacleLoginItemHelper.m; sourceTree = "<group>"; };
		2DE03E471D7B8F5A004E80D6 /* SpectacleShortcutKeyBindingsSpec.m */ = {isa = PBXFileReference; fileEncoding = 4; lastKnownFileType = sourcecode.c.objc; name = SpectacleShortcutKeyBindingsSpec.m; path = Sources/SpectacleShortcutKeyBindingsSpec.m; sourceTree = "<group>"; };
		2DE03E491D7B98D6004E80D6 /* SpectacleShortcutKeyBindings.h */ = {isa = PBXFileReference; fileEncoding = 4; lastKnownFileType = sourcecode.c.h; name = SpectacleShortcutKeyBindings.h; path = Spectacle/Sources/SpectacleShortcutKeyBindings.h; sourceTree = "<group>"; };
		2DE03E4A1D7B98D6004E80D6 /* SpectacleShortcutKeyBindings.m */ = {isa = PBXFileReference; fileEncoding = 4; lastKnownFileType = sourcecode.c.objc; lineEnding = 0; name = SpectacleShortcutKeyBindings.m; path = Spectacle/Sources/SpectacleShortcutKeyBindings.m; sourceTree = "<group>"; xcLanguageSpecificationIdentifier = xcode.lang.objc; };
		574F6A1A1C57BE40001A5679 /* pt */ = {isa = PBXFileReference; lastKnownFileType = text.plist.strings; name = pt; path = Spectacle/Resources/Localizations/pt.lproj/Spectacle.strings; sourceTree = "<group>"; };
		574F6A1B1C57BE40001A5679 /* pt */ = {isa = PBXFileReference; lastKnownFileType = text.plist.strings; name = pt; path = Spectacle/Resources/Localizations/pt.lproj/SpectaclePreferencesWindow.strings; sourceTree = "<group>"; };
		574F6A1C1C57BE40001A5679 /* pt */ = {isa = PBXFileReference; lastKnownFileType = text.rtf; name = pt; path = Spectacle/Resources/Localizations/pt.lproj/Credits.rtf; sourceTree = "<group>"; };
		574F6A1D1C57BE40001A5679 /* pt */ = {isa = PBXFileReference; fileEncoding = 10; lastKnownFileType = text.plist.strings; name = pt; path = Spectacle/Resources/Localizations/pt.lproj/InfoPlist.strings; sourceTree = "<group>"; };
		574F6A1E1C57BE40001A5679 /* pt */ = {isa = PBXFileReference; fileEncoding = 10; lastKnownFileType = text.plist.strings; name = pt; path = Spectacle/Resources/Localizations/pt.lproj/Localizable.strings; sourceTree = "<group>"; };
/* End PBXFileReference section */

/* Begin PBXFrameworksBuildPhase section */
		2D1E1AAD147E06AD0021D73D /* Frameworks */ = {
			isa = PBXFrameworksBuildPhase;
			buildActionMask = 2147483647;
			files = (
			);
			runOnlyForDeploymentPostprocessing = 0;
		};
		2DA5B7C319F8BA79007EDE8E /* Frameworks */ = {
			isa = PBXFrameworksBuildPhase;
			buildActionMask = 2147483647;
			files = (
				2D71466F1CCC171F003B8292 /* Expecta.framework in Frameworks */,
				2D7146701CCC171F003B8292 /* OCHamcrest.framework in Frameworks */,
				2D7146711CCC171F003B8292 /* OCMockito.framework in Frameworks */,
				2D7146721CCC171F003B8292 /* Specta.framework in Frameworks */,
			);
			runOnlyForDeploymentPostprocessing = 0;
		};
/* End PBXFrameworksBuildPhase section */

/* Begin PBXGroup section */
		0747DAE81183AABB00F75DD2 /* Preferences */ = {
			isa = PBXGroup;
			children = (
				2DC8A0151B85097900ABEBD5 /* SpectacleLoginItemHelper.h */,
				2DC8A0161B85097900ABEBD5 /* SpectacleLoginItemHelper.m */,
				07838601148BD517001E7BD7 /* SpectaclePreferencesController.h */,
				07838602148BD517001E7BD7 /* SpectaclePreferencesController.m */,
			);
			name = Preferences;
			sourceTree = "<group>";
		};
		0747DAE91183AAC100F75DD2 /* Accessibility API */ = {
			isa = PBXGroup;
			children = (
				2D3A04FC194956E100CD96E7 /* SpectacleAccessibilityElement.h */,
				2D3A04FD194956E100CD96E7 /* SpectacleAccessibilityElement.m */,
			);
			name = "Accessibility API";
			sourceTree = "<group>";
		};
		0747DAEB1183AAE700F75DD2 /* Property Lists */ = {
			isa = PBXGroup;
			children = (
				0706C0431191092B0068F04B /* Defaults.plist */,
			);
			name = "Property Lists";
			sourceTree = "<group>";
		};
		089C166AFE841209C02AAC07 /* Spectacle */ = {
			isa = PBXGroup;
			children = (
				2D89B5731B8133E900F9FC1C /* Spectacle */,
				2DA5B7C719F8BA79007EDE8E /* SpectacleSpecs */,
				19C28FB8FE9D52D311CA2CBB /* Products */,
			);
			name = Spectacle;
			sourceTree = "<group>";
		};
		089C1671FE841209C02AAC07 /* Frameworks */ = {
			isa = PBXGroup;
			children = (
				2D7146521CCC12A6003B8292 /* Sparkle.framework */,
			);
			name = Frameworks;
			sourceTree = "<group>";
		};
		089C167CFE841241C02AAC07 /* Resources */ = {
			isa = PBXGroup;
			children = (
				2D5CCCE715E96F4F0009CC43 /* Certificates */,
				0747DAEB1183AAE700F75DD2 /* Property Lists */,
				2DB2DC22181ECFCF0008A192 /* Scripts */,
				2DC4E3CA1AD84E5C0022ABF0 /* Credits.rtf */,
				2DA23EFB1B7D736100C9E8EF /* Images.xcassets */,
				2DC4E3CC1AD84E5C0022ABF0 /* InfoPlist.strings */,
				2DC4E3CE1AD84E5C0022ABF0 /* Localizable.strings */,
				2DC4E3D01AD84E5C0022ABF0 /* Spectacle.xib */,
				2DC4E3D21AD84E5C0022ABF0 /* SpectaclePreferencesWindow.xib */,
			);
			name = Resources;
			sourceTree = "<group>";
		};
		08FB77AFFE84173DC02AAC07 /* Sources */ = {
			isa = PBXGroup;
			children = (
				0747DAE81183AABB00F75DD2 /* Preferences */,
				2DC8A0131B84E1AF00ABEBD5 /* Shortcuts */,
				2DC8A0141B84E24500ABEBD5 /* Window Management */,
				2D768E8B147ED51A00901E76 /* SpectacleAppDelegate.h */,
				2D768E8C147ED51A00901E76 /* SpectacleAppDelegate.m */,
				2DB075441CD041A5001CE204 /* SpectacleMacros.h */,
				07BB542B1186662F0045663F /* SpectacleUtilities.h */,
				07BB542C1186662F0045663F /* SpectacleUtilities.m */,
			);
			name = Sources;
			sourceTree = "<group>";
		};
		19C28FB8FE9D52D311CA2CBB /* Products */ = {
			isa = PBXGroup;
			children = (
				2D1E1AB0147E06AD0021D73D /* Spectacle.app */,
				2DA5B7C619F8BA79007EDE8E /* SpectacleSpecs.xctest */,
			);
			name = Products;
			sourceTree = "<group>";
		};
		2D5CCCE715E96F4F0009CC43 /* Certificates */ = {
			isa = PBXGroup;
			children = (
				2D5CCCE815E96F740009CC43 /* dsa_public.pem */,
			);
			name = Certificates;
			sourceTree = "<group>";
		};
		2D7146611CCC1381003B8292 /* Frameworks */ = {
			isa = PBXGroup;
			children = (
				2D7146671CCC1715003B8292 /* Expecta.framework */,
				2D7146681CCC1715003B8292 /* OCHamcrest.framework */,
				2D7146691CCC1715003B8292 /* OCMockito.framework */,
				2D71466A1CCC1715003B8292 /* Specta.framework */,
			);
			name = Frameworks;
			sourceTree = "<group>";
		};
		2D7C11441B86829300B81E11 /* Sources */ = {
			isa = PBXGroup;
			children = (
				2D20F0081CD18ED7003DDA5B /* SpectacleBottomHalfWindowCalculationSpec.m */,
				2D20F0091CD18ED7003DDA5B /* SpectacleCenterWindowCalculationSpec.m */,
				2D20F00A1CD18ED7003DDA5B /* SpectacleFullscreenWindowCalculationSpec.m */,
				2D20F00B1CD18ED7003DDA5B /* SpectacleLargerWindowCalculationSpec.m */,
				2D20F00C1CD18ED7003DDA5B /* SpectacleLeftHalfWindowCalculationSpec.m */,
				2D20F00D1CD18ED7003DDA5B /* SpectacleLowerLeftWindowCalculationSpec.m */,
				2D20F00E1CD18ED7003DDA5B /* SpectacleLowerRightWindowCalculationSpec.m */,
				2D20F00F1CD18ED7003DDA5B /* SpectacleNextDisplayWindowCalculationSpec.m */,
				2D20F0101CD18ED7003DDA5B /* SpectacleNextThirdWindowCalculationSpec.m */,
				2D20F0111CD18ED7003DDA5B /* SpectaclePreviousDisplayWindowCalculationSpec.m */,
				2D20F0121CD18ED7003DDA5B /* SpectaclePreviousThirdWindowCalculationSpec.m */,
				2D20F0131CD18ED7003DDA5B /* SpectacleRightHalfWindowCalculationSpec.m */,
				2DE03E471D7B8F5A004E80D6 /* SpectacleShortcutKeyBindingsSpec.m */,
				2D58AE351D7D2D5300BFEEA2 /* SpectacleShortcutSpec.m */,
				2D58AE331D7D19AF00BFEEA2 /* SpectacleShortcutTranslationsSpec.m */,
				2D20F0141CD18ED7003DDA5B /* SpectacleSmallerWindowCalculationSpec.m */,
				2D20F0151CD18ED7003DDA5B /* SpectacleTopHalfWindowCalculationSpec.m */,
				2D20F0161CD18ED7003DDA5B /* SpectacleUpperLeftWindowCalculationSpec.m */,
				2D20F0171CD18ED7003DDA5B /* SpectacleUpperRightWindowCalculationSpec.m */,
				2D20F0281CD1969D003DDA5B /* SpectacleWindowPositionManagerSpec.m */,
			);
			name = Sources;
			sourceTree = "<group>";
		};
		2D7C11461B86C61800B81E11 /* Shortcut Storage */ = {
			isa = PBXGroup;
			children = (
				2D5A83071CDB020A00EBE80A /* SpectacleMigratingShortcutStorage.h */,
				2D5A83081CDB020A00EBE80A /* SpectacleMigratingShortcutStorage.m */,
				2D7C11471B86C63A00B81E11 /* SpectacleShortcutStorage.h */,
				2D5A830C1CDC363B00EBE80A /* SpectacleShortcutStorageMigrationDestination.h */,
				2D5A83031CDAFDEB00EBE80A /* SpectacleShortcutJSONStorage.h */,
				2D5A83041CDAFDEB00EBE80A /* SpectacleShortcutJSONStorage.m */,
				2D7C11481B86C7CD00B81E11 /* SpectacleShortcutUserDefaultsStorage.h */,
				2D7C11491B86C7CD00B81E11 /* SpectacleShortcutUserDefaultsStorage.m */,
			);
			name = "Shortcut Storage";
			sourceTree = "<group>";
		};
		2D7CF9E81C6FEC2E004DC708 /* Window Position Calculator */ = {
			isa = PBXGroup;
			children = (
				2D58CC381C7030B800E3DC74 /* Window Position Calculations */,
				2D8E2C621C7AAD5A0074129C /* SpectacleJavaScriptEnvironment.h */,
				2D8E2C631C7AAD5A0074129C /* SpectacleJavaScriptEnvironment.m */,
				2D98D72F1AE064B7007AD995 /* SpectacleWindowPositionCalculationResult.h */,
				2D98D7301AE064B7007AD995 /* SpectacleWindowPositionCalculationResult.m */,
				2D7CF9E91C6FED50004DC708 /* SpectacleWindowPositionCalculator.h */,
				2D7CF9EA1C6FED50004DC708 /* SpectacleWindowPositionCalculator.m */,
				2D0759A51C71746500A17E80 /* SpectacleWindowPositionCalculationRegistry.h */,
				2D0759A61C71746500A17E80 /* SpectacleWindowPositionCalculationRegistry.m */,
			);
			name = "Window Position Calculator";
			sourceTree = "<group>";
		};
		2D89B5731B8133E900F9FC1C /* Spectacle */ = {
			isa = PBXGroup;
			children = (
				089C167CFE841241C02AAC07 /* Resources */,
				08FB77AFFE84173DC02AAC07 /* Sources */,
				32DBCFA10370C40200C91783 /* Supporting Files */,
				089C1671FE841209C02AAC07 /* Frameworks */,
			);
			name = Spectacle;
			sourceTree = "<group>";
		};
		2D89B5741B81340B00F9FC1C /* Supporting Files */ = {
			isa = PBXGroup;
			children = (
				2DA5B7C919F8BA79007EDE8E /* Info.plist */,
			);
			name = "Supporting Files";
			sourceTree = "<group>";
		};
		2DA5B7C719F8BA79007EDE8E /* SpectacleSpecs */ = {
			isa = PBXGroup;
			children = (
				2D7C11441B86829300B81E11 /* Sources */,
				2D89B5741B81340B00F9FC1C /* Supporting Files */,
				2D7146611CCC1381003B8292 /* Frameworks */,
			);
			path = SpectacleSpecs;
			sourceTree = "<group>";
		};
		2DAC59EA1BB2364700C660ED /* Window Movement History */ = {
			isa = PBXGroup;
			children = (
				2D279ED216BB4A7800F6894A /* SpectacleHistory.h */,
				2D279ED316BB4A7800F6894A /* SpectacleHistory.m */,
				079CDA0D1221BAFF0099612C /* SpectacleHistoryItem.h */,
				079CDA0E1221BAFF0099612C /* SpectacleHistoryItem.m */,
			);
			name = "Window Movement History";
			sourceTree = "<group>";
		};
		2DAC59F41BB23DAD00C660ED /* Window Movers */ = {
			isa = PBXGroup;
			children = (
				2DAC59F11BB23BE200C660ED /* SpectacleBestEffortWindowMover.h */,
				2DAC59F21BB23BE200C660ED /* SpectacleBestEffortWindowMover.m */,
				2DAC59EE1BB238D900C660ED /* SpectacleQuantizedWindowMover.h */,
				2DAC59EF1BB238D900C660ED /* SpectacleQuantizedWindowMover.m */,
				2D5783EF1BB63BDD00695771 /* SpectacleStandardWindowMover.h */,
				2D5783F01BB63BDD00695771 /* SpectacleStandardWindowMover.m */,
				2DAC59E81BB234F500C660ED /* SpectacleWindowMover.h */,
			);
			name = "Window Movers";
			sourceTree = "<group>";
		};
		2DB2DC22181ECFCF0008A192 /* Scripts */ = {
			isa = PBXGroup;
			children = (
				2D5565B0181EDB7F00EFB43A /* Security & Privacy System Preferences.scpt */,
			);
			name = Scripts;
			sourceTree = "<group>";
		};
		2DC8A0111B84E17400ABEBD5 /* Shortcut Management */ = {
			isa = PBXGroup;
			children = (
				07678095118679C600614FB5 /* SpectacleShortcutManager.h */,
				07678096118679C600614FB5 /* SpectacleShortcutManager.m */,
				2D1AE52315D715F400EAC5BD /* SpectacleRegisteredShortcutValidator.h */,
				2D1AE52415D715F400EAC5BD /* SpectacleRegisteredShortcutValidator.m */,
			);
			name = "Shortcut Management";
			sourceTree = "<group>";
		};
		2DC8A0121B84E18400ABEBD5 /* Shortcut Recorder */ = {
			isa = PBXGroup;
			children = (
				2D3A0501194956E100CD96E7 /* SpectacleShortcutRecorder.h */,
				2D3A0502194956E100CD96E7 /* SpectacleShortcutRecorder.m */,
				2D3A0505194956E100CD96E7 /* SpectacleShortcutRecorderDelegate.h */,
			);
			name = "Shortcut Recorder";
			sourceTree = "<group>";
		};
		2DC8A0131B84E1AF00ABEBD5 /* Shortcuts */ = {
			isa = PBXGroup;
			children = (
				2DC8A0111B84E17400ABEBD5 /* Shortcut Management */,
				2DC8A0121B84E18400ABEBD5 /* Shortcut Recorder */,
				2D7C11461B86C61800B81E11 /* Shortcut Storage */,
				2D5A830D1CDC475B00EBE80A /* SpectacleDefaultShortcutHelpers.h */,
				2D5A830E1CDC475B00EBE80A /* SpectacleDefaultShortcutHelpers.m */,
				2D3A04FF194956E100CD96E7 /* SpectacleShortcut.h */,
				2D3A0500194956E100CD96E7 /* SpectacleShortcut.m */,
				2D24ACB51CC8728E00AB3984 /* SpectacleShortcutHolder.h */,
				2D24ACB61CC8728E00AB3984 /* SpectacleShortcutHolder.m */,
				2DE03E491D7B98D6004E80D6 /* SpectacleShortcutKeyBindings.h */,
				2DE03E4A1D7B98D6004E80D6 /* SpectacleShortcutKeyBindings.m */,
				2D3A0506194956E100CD96E7 /* SpectacleShortcutTranslations.h */,
				2D3A0507194956E100CD96E7 /* SpectacleShortcutTranslations.m */,
				2D3A050A194956E100CD96E7 /* SpectacleShortcutValidator.h */,
				2D3A0508194956E100CD96E7 /* SpectacleShortcutValidation.h */,
				2D3A0509194956E100CD96E7 /* SpectacleShortcutValidation.m */,
			);
			name = Shortcuts;
			sourceTree = "<group>";
		};
		2DC8A0141B84E24500ABEBD5 /* Window Management */ = {
			isa = PBXGroup;
			children = (
				0747DAE91183AAC100F75DD2 /* Accessibility API */,
				2DAC59EA1BB2364700C660ED /* Window Movement History */,
				2DAC59F41BB23DAD00C660ED /* Window Movers */,
				2D7CF9E81C6FEC2E004DC708 /* Window Position Calculator */,
				2D2629441CCECB9E009D1ED0 /* SpectacleScreenDetectionResult.h */,
				2D2629451CCECB9E009D1ED0 /* SpectacleScreenDetectionResult.m */,
				2D4F3ECE14A27B4500C29D11 /* SpectacleScreenDetector.h */,
				2D4F3ECF14A27B4500C29D11 /* SpectacleScreenDetector.m */,
				2DAC59F51BB241DE00C660ED /* SpectacleWindowAction.h */,
				2D24ACB31CC723F600AB3984 /* SpectacleWindowAction.m */,
				072EACFE118A4D5A0015FC8A /* SpectacleWindowPositionManager.h */,
				072EACFF118A4D5A0015FC8A /* SpectacleWindowPositionManager.m */,
			);
			name = "Window Management";
			sourceTree = "<group>";
		};
		32DBCFA10370C40200C91783 /* Supporting Files */ = {
			isa = PBXGroup;
			children = (
				2D1E1AD2147E07E50021D73D /* Info.plist */,
				077938E51184FADB0013BC14 /* main.m */,
			);
			name = "Supporting Files";
			sourceTree = "<group>";
		};
/* End PBXGroup section */

/* Begin PBXNativeTarget section */
		2D1E1AAF147E06AD0021D73D /* Spectacle */ = {
			isa = PBXNativeTarget;
			buildConfigurationList = 2D1E1ACB147E06AD0021D73D /* Build configuration list for PBXNativeTarget "Spectacle" */;
			buildPhases = (
				2D1E1AAC147E06AD0021D73D /* Sources */,
				2D1E1AAD147E06AD0021D73D /* Frameworks */,
				2D1E1AAE147E06AD0021D73D /* Resources */,
				2DC25F9D19FF3F93009591A9 /* Update CFBundleVersion */,
				2D7146551CCC12A6003B8292 /* Embed Frameworks */,
			);
			buildRules = (
			);
			dependencies = (
			);
			name = Spectacle;
			productName = Spectacle;
			productReference = 2D1E1AB0147E06AD0021D73D /* Spectacle.app */;
			productType = "com.apple.product-type.application";
		};
		2DA5B7C519F8BA79007EDE8E /* SpectacleSpecs */ = {
			isa = PBXNativeTarget;
			buildConfigurationList = 2DA5B7D019F8BA79007EDE8E /* Build configuration list for PBXNativeTarget "SpectacleSpecs" */;
			buildPhases = (
				2DA5B7C219F8BA79007EDE8E /* Sources */,
				2DA5B7C319F8BA79007EDE8E /* Frameworks */,
				2DA5B7C419F8BA79007EDE8E /* Resources */,
				2D7146661CCC16FD003B8292 /* CopyFiles */,
			);
			buildRules = (
			);
			dependencies = (
				2DA5B7CD19F8BA79007EDE8E /* PBXTargetDependency */,
			);
			name = SpectacleSpecs;
			productName = SpectacleSpecs;
			productReference = 2DA5B7C619F8BA79007EDE8E /* SpectacleSpecs.xctest */;
			productType = "com.apple.product-type.bundle.unit-test";
		};
/* End PBXNativeTarget section */

/* Begin PBXProject section */
		089C1669FE841209C02AAC07 /* Project object */ = {
			isa = PBXProject;
			attributes = {
				LastUpgradeCheck = 1120;
				TargetAttributes = {
					2DA5B7C519F8BA79007EDE8E = {
						CreatedOnToolsVersion = 6.1;
						TestTargetID = 2D1E1AAF147E06AD0021D73D;
					};
				};
			};
			buildConfigurationList = 1DBD214C08BA80EA00186707 /* Build configuration list for PBXProject "Spectacle" */;
			compatibilityVersion = "Xcode 6.3";
			developmentRegion = en;
			hasScannedForEncodings = 1;
			knownRegions = (
				en,
				it,
				fr,
				Base,
				pt,
				fi,
				es,
			);
			mainGroup = 089C166AFE841209C02AAC07 /* Spectacle */;
			projectDirPath = "";
			projectRoot = "";
			targets = (
				2D1E1AAF147E06AD0021D73D /* Spectacle */,
				2DA5B7C519F8BA79007EDE8E /* SpectacleSpecs */,
			);
		};
/* End PBXProject section */

/* Begin PBXResourcesBuildPhase section */
		2D1E1AAE147E06AD0021D73D /* Resources */ = {
			isa = PBXResourcesBuildPhase;
			buildActionMask = 2147483647;
			files = (
				2DC4E3D41AD84E5C0022ABF0 /* Credits.rtf in Resources */,
				2D8DA04D147E0FA0003BE1D3 /* Defaults.plist in Resources */,
				2D5CCCE915E96F740009CC43 /* dsa_public.pem in Resources */,
				2DA23EFC1B7D736100C9E8EF /* Images.xcassets in Resources */,
				2DC4E3D51AD84E5C0022ABF0 /* InfoPlist.strings in Resources */,
				2DC4E3D61AD84E5C0022ABF0 /* Localizable.strings in Resources */,
				2D5565B1181EDB7F00EFB43A /* Security & Privacy System Preferences.scpt in Resources */,
				2D7752101B83E94C00C022EE /* Spectacle.xib in Resources */,
				2D7752111B83E95000C022EE /* SpectaclePreferencesWindow.xib in Resources */,
				2D58CC391C7030B800E3DC74 /* Window Position Calculations in Resources */,
			);
			runOnlyForDeploymentPostprocessing = 0;
		};
		2DA5B7C419F8BA79007EDE8E /* Resources */ = {
			isa = PBXResourcesBuildPhase;
			buildActionMask = 2147483647;
			files = (
			);
			runOnlyForDeploymentPostprocessing = 0;
		};
/* End PBXResourcesBuildPhase section */

/* Begin PBXShellScriptBuildPhase section */
		2DC25F9D19FF3F93009591A9 /* Update CFBundleVersion */ = {
			isa = PBXShellScriptBuildPhase;
			buildActionMask = 2147483647;
			files = (
			);
			inputPaths = (
			);
			name = "Update CFBundleVersion";
			outputPaths = (
			);
			runOnlyForDeploymentPostprocessing = 0;
			shellPath = /bin/sh;
			shellScript = "# See: http://tgoode.com/2014/06/05/sensible-way-increment-bundle-version-cfbundleversion-xcode/\nbranch=${1:-'master'}\nbuild_number=$(expr $(git rev-list $branch --count) - $(git rev-list HEAD...$branch --count))\necho \"Updating build number to $build_number using branch: $branch\"\n/usr/libexec/PlistBuddy -c \"Set :CFBundleVersion $build_number\" \"${TARGET_BUILD_DIR}/${INFOPLIST_PATH}\"\n";
		};
/* End PBXShellScriptBuildPhase section */

/* Begin PBXSourcesBuildPhase section */
		2D1E1AAC147E06AD0021D73D /* Sources */ = {
			isa = PBXSourcesBuildPhase;
			buildActionMask = 2147483647;
			files = (
				2D8DA05E147E113D003BE1D3 /* main.m in Sources */,
				2D3A050D194956E100CD96E7 /* SpectacleAccessibilityElement.m in Sources */,
				2D768E8D147ED51A00901E76 /* SpectacleAppDelegate.m in Sources */,
				2DAC59F31BB23BE200C660ED /* SpectacleBestEffortWindowMover.m in Sources */,
				2D5A830F1CDC475B00EBE80A /* SpectacleDefaultShortcutHelpers.m in Sources */,
				2D279ED416BB4A7800F6894A /* SpectacleHistory.m in Sources */,
				2D8DA05D147E113D003BE1D3 /* SpectacleHistoryItem.m in Sources */,
				2D8E2C641C7AAD5A0074129C /* SpectacleJavaScriptEnvironment.m in Sources */,
				2DC8A0171B85097900ABEBD5 /* SpectacleLoginItemHelper.m in Sources */,
				2D5A83091CDB020A00EBE80A /* SpectacleMigratingShortcutStorage.m in Sources */,
				07838603148BD517001E7BD7 /* SpectaclePreferencesController.m in Sources */,
				2DAC59F01BB238D900C660ED /* SpectacleQuantizedWindowMover.m in Sources */,
				2D1AE52515D715F400EAC5BD /* SpectacleRegisteredShortcutValidator.m in Sources */,
				2D2629461CCECB9E009D1ED0 /* SpectacleScreenDetectionResult.m in Sources */,
				2D4F3ED014A27B4500C29D11 /* SpectacleScreenDetector.m in Sources */,
				2D3A050E194956E100CD96E7 /* SpectacleShortcut.m in Sources */,
				2D24ACB71CC8728E00AB3984 /* SpectacleShortcutHolder.m in Sources */,
				2D5A83051CDAFDEB00EBE80A /* SpectacleShortcutJSONStorage.m in Sources */,
				2DE03E4B1D7B98D6004E80D6 /* SpectacleShortcutKeyBindings.m in Sources */,
				2D8DA056147E113D003BE1D3 /* SpectacleShortcutManager.m in Sources */,
				2D3A050F194956E100CD96E7 /* SpectacleShortcutRecorder.m in Sources */,
				2D3A0511194956E100CD96E7 /* SpectacleShortcutTranslations.m in Sources */,
				2D7C114A1B86C7CD00B81E11 /* SpectacleShortcutUserDefaultsStorage.m in Sources */,
				2D3A0512194956E100CD96E7 /* SpectacleShortcutValidation.m in Sources */,
				2D5783F11BB63BDD00695771 /* SpectacleStandardWindowMover.m in Sources */,
				2D8DA057147E113D003BE1D3 /* SpectacleUtilities.m in Sources */,
				2D24ACB41CC723F600AB3984 /* SpectacleWindowAction.m in Sources */,
				2D0759A71C71746500A17E80 /* SpectacleWindowPositionCalculationRegistry.m in Sources */,
				2D98D7311AE064B7007AD995 /* SpectacleWindowPositionCalculationResult.m in Sources */,
				2D7CF9EB1C6FED50004DC708 /* SpectacleWindowPositionCalculator.m in Sources */,
				2D8DA058147E113D003BE1D3 /* SpectacleWindowPositionManager.m in Sources */,
			);
			runOnlyForDeploymentPostprocessing = 0;
		};
		2DA5B7C219F8BA79007EDE8E /* Sources */ = {
			isa = PBXSourcesBuildPhase;
			buildActionMask = 2147483647;
			files = (
				2D20F0181CD18ED7003DDA5B /* SpectacleBottomHalfWindowCalculationSpec.m in Sources */,
				2D20F0191CD18ED7003DDA5B /* SpectacleCenterWindowCalculationSpec.m in Sources */,
				2D20F01A1CD18ED7003DDA5B /* SpectacleFullscreenWindowCalculationSpec.m in Sources */,
				2D20F01B1CD18ED7003DDA5B /* SpectacleLargerWindowCalculationSpec.m in Sources */,
				2D20F01C1CD18ED7003DDA5B /* SpectacleLeftHalfWindowCalculationSpec.m in Sources */,
				2D20F01D1CD18ED7003DDA5B /* SpectacleLowerLeftWindowCalculationSpec.m in Sources */,
				2D20F01E1CD18ED7003DDA5B /* SpectacleLowerRightWindowCalculationSpec.m in Sources */,
				2D20F01F1CD18ED7003DDA5B /* SpectacleNextDisplayWindowCalculationSpec.m in Sources */,
				2D20F0201CD18ED7003DDA5B /* SpectacleNextThirdWindowCalculationSpec.m in Sources */,
				2D20F0211CD18ED7003DDA5B /* SpectaclePreviousDisplayWindowCalculationSpec.m in Sources */,
				2D20F0221CD18ED7003DDA5B /* SpectaclePreviousThirdWindowCalculationSpec.m in Sources */,
				2D20F0231CD18ED7003DDA5B /* SpectacleRightHalfWindowCalculationSpec.m in Sources */,
				2DE03E481D7B8F5A004E80D6 /* SpectacleShortcutKeyBindingsSpec.m in Sources */,
				2D58AE361D7D2D5300BFEEA2 /* SpectacleShortcutSpec.m in Sources */,
				2D58AE341D7D19AF00BFEEA2 /* SpectacleShortcutTranslationsSpec.m in Sources */,
				2D20F0241CD18ED7003DDA5B /* SpectacleSmallerWindowCalculationSpec.m in Sources */,
				2D20F0251CD18ED7003DDA5B /* SpectacleTopHalfWindowCalculationSpec.m in Sources */,
				2D20F0261CD18ED7003DDA5B /* SpectacleUpperLeftWindowCalculationSpec.m in Sources */,
				2D20F0271CD18ED7003DDA5B /* SpectacleUpperRightWindowCalculationSpec.m in Sources */,
				2D20F0291CD1969D003DDA5B /* SpectacleWindowPositionManagerSpec.m in Sources */,
			);
			runOnlyForDeploymentPostprocessing = 0;
		};
/* End PBXSourcesBuildPhase section */

/* Begin PBXTargetDependency section */
		2DA5B7CD19F8BA79007EDE8E /* PBXTargetDependency */ = {
			isa = PBXTargetDependency;
			target = 2D1E1AAF147E06AD0021D73D /* Spectacle */;
			targetProxy = 2DA5B7CC19F8BA79007EDE8E /* PBXContainerItemProxy */;
		};
/* End PBXTargetDependency section */

/* Begin PBXVariantGroup section */
		2DC4E3CA1AD84E5C0022ABF0 /* Credits.rtf */ = {
			isa = PBXVariantGroup;
			children = (
				2DC4E3CB1AD84E5C0022ABF0 /* en */,
				2D98D72E1ADDBBF6007AD995 /* fr */,
				2DC4E3DA1AD84E7F0022ABF0 /* it */,
				574F6A1C1C57BE40001A5679 /* pt */,
				2D2490E11C7A5BD900A4282B /* fi */,
				2D2A61A51DC2CD9C00D86193 /* es */,
			);
			name = Credits.rtf;
			sourceTree = "<group>";
		};
		2DC4E3CC1AD84E5C0022ABF0 /* InfoPlist.strings */ = {
			isa = PBXVariantGroup;
			children = (
				2DC4E3CD1AD84E5C0022ABF0 /* en */,
				2D98D72C1ADDBBF6007AD995 /* fr */,
				2DA23EFD1B80FB6400C9E8EF /* it */,
				574F6A1D1C57BE40001A5679 /* pt */,
				2D2490E21C7A5BD900A4282B /* fi */,
				2D2A61A61DC2CD9C00D86193 /* es */,
			);
			name = InfoPlist.strings;
			sourceTree = "<group>";
		};
		2DC4E3CE1AD84E5C0022ABF0 /* Localizable.strings */ = {
			isa = PBXVariantGroup;
			children = (
				2DC4E3CF1AD84E5C0022ABF0 /* en */,
				2D98D72D1ADDBBF6007AD995 /* fr */,
				2DC4E3D91AD84E7F0022ABF0 /* it */,
				574F6A1E1C57BE40001A5679 /* pt */,
				2D2490E31C7A5BD900A4282B /* fi */,
				2D2A61A71DC2CD9C00D86193 /* es */,
			);
			name = Localizable.strings;
			sourceTree = "<group>";
		};
		2DC4E3D01AD84E5C0022ABF0 /* Spectacle.xib */ = {
			isa = PBXVariantGroup;
			children = (
				2DA23EFE1B80FF6F00C9E8EF /* Base */,
				2DA23F031B81016B00C9E8EF /* fr */,
				2DA23F071B8109D400C9E8EF /* it */,
				574F6A1A1C57BE40001A5679 /* pt */,
				2D2490DF1C7A5BD900A4282B /* fi */,
				2D2A61A31DC2CD9C00D86193 /* es */,
			);
			name = Spectacle.xib;
			sourceTree = "<group>";
		};
		2DC4E3D21AD84E5C0022ABF0 /* SpectaclePreferencesWindow.xib */ = {
			isa = PBXVariantGroup;
			children = (
				2DA23EFF1B80FF6F00C9E8EF /* Base */,
				2DA23F051B81017000C9E8EF /* fr */,
				2DA23F091B8109D900C9E8EF /* it */,
				574F6A1B1C57BE40001A5679 /* pt */,
				2D2490E01C7A5BD900A4282B /* fi */,
				2D2A61A41DC2CD9C00D86193 /* es */,
			);
			name = SpectaclePreferencesWindow.xib;
			sourceTree = "<group>";
		};
/* End PBXVariantGroup section */

/* Begin XCBuildConfiguration section */
		1DBD214D08BA80EA00186707 /* Debug */ = {
			isa = XCBuildConfiguration;
			buildSettings = {
				ALWAYS_SEARCH_USER_PATHS = NO;
				CLANG_ANALYZER_LOCALIZABILITY_NONLOCALIZED = YES;
				CLANG_CXX_LANGUAGE_STANDARD = "gnu++0x";
				CLANG_CXX_LIBRARY = "libc++";
				CLANG_ENABLE_MODULES = YES;
				CLANG_ENABLE_OBJC_ARC = YES;
				CLANG_WARN_BLOCK_CAPTURE_AUTORELEASING = YES;
				CLANG_WARN_BOOL_CONVERSION = YES;
				CLANG_WARN_COMMA = YES;
				CLANG_WARN_CONSTANT_CONVERSION = YES;
				CLANG_WARN_DEPRECATED_OBJC_IMPLEMENTATIONS = YES;
				CLANG_WARN_DIRECT_OBJC_ISA_USAGE = YES_ERROR;
				CLANG_WARN_EMPTY_BODY = YES;
				CLANG_WARN_ENUM_CONVERSION = YES;
				CLANG_WARN_INFINITE_RECURSION = YES;
				CLANG_WARN_INT_CONVERSION = YES;
				CLANG_WARN_NON_LITERAL_NULL_CONVERSION = YES;
				CLANG_WARN_OBJC_IMPLICIT_RETAIN_SELF = YES;
				CLANG_WARN_OBJC_LITERAL_CONVERSION = YES;
				CLANG_WARN_OBJC_ROOT_CLASS = YES_ERROR;
				CLANG_WARN_RANGE_LOOP_ANALYSIS = YES;
				CLANG_WARN_STRICT_PROTOTYPES = YES;
				CLANG_WARN_SUSPICIOUS_MOVE = YES;
				CLANG_WARN_UNREACHABLE_CODE = YES;
				CLANG_WARN__DUPLICATE_METHOD_MATCH = YES;
				COPY_PHASE_STRIP = NO;
				DEBUG_INFORMATION_FORMAT = dwarf;
				ENABLE_STRICT_OBJC_MSGSEND = YES;
				ENABLE_TESTABILITY = YES;
				GCC_C_LANGUAGE_STANDARD = gnu99;
				GCC_DYNAMIC_NO_PIC = NO;
				GCC_NO_COMMON_BLOCKS = YES;
				GCC_OPTIMIZATION_LEVEL = 0;
				GCC_PREPROCESSOR_DEFINITIONS = (
					"DEBUG=1",
					"$(inherited)",
				);
				GCC_SYMBOLS_PRIVATE_EXTERN = NO;
				GCC_TREAT_WARNINGS_AS_ERRORS = YES;
				GCC_WARN_64_TO_32_BIT_CONVERSION = YES;
				GCC_WARN_ABOUT_RETURN_TYPE = YES_ERROR;
				GCC_WARN_UNDECLARED_SELECTOR = YES;
				GCC_WARN_UNINITIALIZED_AUTOS = YES_AGGRESSIVE;
				GCC_WARN_UNUSED_FUNCTION = YES;
				GCC_WARN_UNUSED_VARIABLE = YES;
				MACOSX_DEPLOYMENT_TARGET = 10.9;
				ONLY_ACTIVE_ARCH = YES;
				SDKROOT = macosx;
			};
			name = Debug;
		};
		1DBD214E08BA80EA00186707 /* Release */ = {
			isa = XCBuildConfiguration;
			buildSettings = {
				ALWAYS_SEARCH_USER_PATHS = NO;
				CLANG_ANALYZER_LOCALIZABILITY_NONLOCALIZED = YES;
				CLANG_CXX_LANGUAGE_STANDARD = "gnu++0x";
				CLANG_CXX_LIBRARY = "libc++";
				CLANG_ENABLE_MODULES = YES;
				CLANG_ENABLE_OBJC_ARC = YES;
				CLANG_WARN_BLOCK_CAPTURE_AUTORELEASING = YES;
				CLANG_WARN_BOOL_CONVERSION = YES;
				CLANG_WARN_COMMA = YES;
				CLANG_WARN_CONSTANT_CONVERSION = YES;
				CLANG_WARN_DEPRECATED_OBJC_IMPLEMENTATIONS = YES;
				CLANG_WARN_DIRECT_OBJC_ISA_USAGE = YES_ERROR;
				CLANG_WARN_EMPTY_BODY = YES;
				CLANG_WARN_ENUM_CONVERSION = YES;
				CLANG_WARN_INFINITE_RECURSION = YES;
				CLANG_WARN_INT_CONVERSION = YES;
				CLANG_WARN_NON_LITERAL_NULL_CONVERSION = YES;
				CLANG_WARN_OBJC_IMPLICIT_RETAIN_SELF = YES;
				CLANG_WARN_OBJC_LITERAL_CONVERSION = YES;
				CLANG_WARN_OBJC_ROOT_CLASS = YES_ERROR;
				CLANG_WARN_RANGE_LOOP_ANALYSIS = YES;
				CLANG_WARN_STRICT_PROTOTYPES = YES;
				CLANG_WARN_SUSPICIOUS_MOVE = YES;
				CLANG_WARN_UNREACHABLE_CODE = YES;
				CLANG_WARN__DUPLICATE_METHOD_MATCH = YES;
				COPY_PHASE_STRIP = NO;
				DEBUG_INFORMATION_FORMAT = "dwarf-with-dsym";
				ENABLE_NS_ASSERTIONS = NO;
				ENABLE_STRICT_OBJC_MSGSEND = YES;
				GCC_C_LANGUAGE_STANDARD = gnu99;
				GCC_NO_COMMON_BLOCKS = YES;
				GCC_TREAT_WARNINGS_AS_ERRORS = YES;
				GCC_WARN_64_TO_32_BIT_CONVERSION = YES;
				GCC_WARN_ABOUT_RETURN_TYPE = YES_ERROR;
				GCC_WARN_UNDECLARED_SELECTOR = YES;
				GCC_WARN_UNINITIALIZED_AUTOS = YES_AGGRESSIVE;
				GCC_WARN_UNUSED_FUNCTION = YES;
				GCC_WARN_UNUSED_VARIABLE = YES;
				MACOSX_DEPLOYMENT_TARGET = 10.9;
				SDKROOT = macosx;
			};
			name = Release;
		};
		2D1E1ACC147E06AD0021D73D /* Debug */ = {
			isa = XCBuildConfiguration;
			buildSettings = {
				ASSETCATALOG_COMPILER_APPICON_NAME = Spectacle;
				CODE_SIGN_IDENTITY = "-";
				COMBINE_HIDPI_IMAGES = YES;
				FRAMEWORK_SEARCH_PATHS = (
					"$(inherited)",
					"$(PROJECT_DIR)/Carthage/Build/Mac",
				);
				INFOPLIST_FILE = "Spectacle/Supporting Files/Info.plist";
				LD_RUNPATH_SEARCH_PATHS = "$(inherited) @executable_path/../Frameworks";
				PRODUCT_BUNDLE_IDENTIFIER = com.divisiblebyzero.Spectacle;
				PRODUCT_NAME = "$(TARGET_NAME)";
			};
			name = Debug;
		};
		2D1E1ACD147E06AD0021D73D /* Release */ = {
			isa = XCBuildConfiguration;
			buildSettings = {
				ASSETCATALOG_COMPILER_APPICON_NAME = Spectacle;
				CODE_SIGN_IDENTITY = "-";
				COMBINE_HIDPI_IMAGES = YES;
				FRAMEWORK_SEARCH_PATHS = (
					"$(inherited)",
					"$(PROJECT_DIR)/Carthage/Build/Mac",
				);
				INFOPLIST_FILE = "Spectacle/Supporting Files/Info.plist";
				LD_RUNPATH_SEARCH_PATHS = "$(inherited) @executable_path/../Frameworks";
				PRODUCT_BUNDLE_IDENTIFIER = com.divisiblebyzero.Spectacle;
				PRODUCT_NAME = "$(TARGET_NAME)";
			};
			name = Release;
		};
		2DA5B7CE19F8BA79007EDE8E /* Debug */ = {
			isa = XCBuildConfiguration;
			buildSettings = {
				BUNDLE_LOADER = "$(BUILT_PRODUCTS_DIR)/Spectacle.app/Contents/MacOS/Spectacle";
				COMBINE_HIDPI_IMAGES = YES;
				FRAMEWORK_SEARCH_PATHS = (
					"$(DEVELOPER_FRAMEWORKS_DIR)",
					"$(inherited)",
					"$(PROJECT_DIR)/Carthage/Build/Mac",
				);
				INFOPLIST_FILE = "SpectacleSpecs/Supporting Files/Info.plist";
				LD_RUNPATH_SEARCH_PATHS = "$(inherited) @executable_path/../Frameworks @loader_path/../Frameworks";
				PRODUCT_BUNDLE_IDENTIFIER = "com.divisiblebyzero.$(PRODUCT_NAME:rfc1034identifier)";
				PRODUCT_NAME = "$(TARGET_NAME)";
				TEST_HOST = "$(BUNDLE_LOADER)";
			};
			name = Debug;
		};
		2DA5B7CF19F8BA79007EDE8E /* Release */ = {
			isa = XCBuildConfiguration;
			buildSettings = {
				BUNDLE_LOADER = "$(BUILT_PRODUCTS_DIR)/Spectacle.app/Contents/MacOS/Spectacle";
				COMBINE_HIDPI_IMAGES = YES;
				FRAMEWORK_SEARCH_PATHS = (
					"$(DEVELOPER_FRAMEWORKS_DIR)",
					"$(inherited)",
					"$(PROJECT_DIR)/Carthage/Build/Mac",
				);
				INFOPLIST_FILE = "SpectacleSpecs/Supporting Files/Info.plist";
				LD_RUNPATH_SEARCH_PATHS = "$(inherited) @executable_path/../Frameworks @loader_path/../Frameworks";
				PRODUCT_BUNDLE_IDENTIFIER = "com.divisiblebyzero.$(PRODUCT_NAME:rfc1034identifier)";
				PRODUCT_NAME = "$(TARGET_NAME)";
				TEST_HOST = "$(BUNDLE_LOADER)";
			};
			name = Release;
		};
/* End XCBuildConfiguration section */

/* Begin XCConfigurationList section */
		1DBD214C08BA80EA00186707 /* Build configuration list for PBXProject "Spectacle" */ = {
			isa = XCConfigurationList;
			buildConfigurations = (
				1DBD214D08BA80EA00186707 /* Debug */,
				1DBD214E08BA80EA00186707 /* Release */,
			);
			defaultConfigurationIsVisible = 0;
			defaultConfigurationName = Release;
		};
		2D1E1ACB147E06AD0021D73D /* Build configuration list for PBXNativeTarget "Spectacle" */ = {
			isa = XCConfigurationList;
			buildConfigurations = (
				2D1E1ACC147E06AD0021D73D /* Debug */,
				2D1E1ACD147E06AD0021D73D /* Release */,
			);
			defaultConfigurationIsVisible = 0;
			defaultConfigurationName = Release;
		};
		2DA5B7D019F8BA79007EDE8E /* Build configuration list for PBXNativeTarget "SpectacleSpecs" */ = {
			isa = XCConfigurationList;
			buildConfigurations = (
				2DA5B7CE19F8BA79007EDE8E /* Debug */,
				2DA5B7CF19F8BA79007EDE8E /* Release */,
			);
			defaultConfigurationIsVisible = 0;
			defaultConfigurationName = Release;
		};
/* End XCConfigurationList section */
	};
	rootObject = 089C1669FE841209C02AAC07 /* Project object */;
}
