// !$*UTF8*$!
{
	archiveVersion = 1;
	classes = {
	};
	objectVersion = 46;
	objects = {

/* Begin PBXBuildFile section */
		07838603148BD517001E7BD7 /* SpectaclePreferencesController.m in Sources */ = {isa = PBXBuildFile; fileRef = 07838602148BD517001E7BD7 /* SpectaclePreferencesController.m */; };
		07B6B753148B12A0003F924A /* Spectacle Status Item.png in Resources */ = {isa = PBXBuildFile; fileRef = 07B6B752148B12A0003F924A /* Spectacle Status Item.png */; };
		07B6B755148B1654003F924A /* Spectacle Alternate Status Item.png in Resources */ = {isa = PBXBuildFile; fileRef = 07B6B754148B1654003F924A /* Spectacle Alternate Status Item.png */; };
		2D1AE52515D715F400EAC5BD /* SpectacleHotKeyValidator.m in Sources */ = {isa = PBXBuildFile; fileRef = 2D1AE52415D715F400EAC5BD /* SpectacleHotKeyValidator.m */; };
		2D1E1ACE147E07870021D73D /* Carbon.framework in Frameworks */ = {isa = PBXBuildFile; fileRef = 07E632151187AAD800451374 /* Carbon.framework */; };
		2D1E1ACF147E078A0021D73D /* Cocoa.framework in Frameworks */ = {isa = PBXBuildFile; fileRef = 1058C7ADFEA557BF11CA2CBB /* Cocoa.framework */; };
		2D1E1AD1147E07980021D73D /* ZeroKit.framework in Frameworks */ = {isa = PBXBuildFile; fileRef = 2D65407E1475ECF1000133CA /* ZeroKit.framework */; };
		2D279ED416BB4A7800F6894A /* SpectacleHistory.m in Sources */ = {isa = PBXBuildFile; fileRef = 2D279ED316BB4A7800F6894A /* SpectacleHistory.m */; };
		2D279EDD16BB8A7000F6894A /* ZKAccessibilityElementAdditions.m in Sources */ = {isa = PBXBuildFile; fileRef = 2D279EDC16BB8A7000F6894A /* ZKAccessibilityElementAdditions.m */; };
		2D279EE116BCB85100F6894A /* SpectacleWindowPositionCalculator.m in Sources */ = {isa = PBXBuildFile; fileRef = 2D279EE016BCB85100F6894A /* SpectacleWindowPositionCalculator.m */; };
		2D36FFD416B9BE100040372F /* Sparkle.framework in Frameworks */ = {isa = PBXBuildFile; fileRef = 2D36FFD316B9BE100040372F /* Sparkle.framework */; };
		2D36FFD516B9BE3A0040372F /* Sparkle.framework in Copy Frameworks */ = {isa = PBXBuildFile; fileRef = 2D36FFD316B9BE100040372F /* Sparkle.framework */; };
		2D4F3ED014A27B4500C29D11 /* SpectacleScreenDetection.m in Sources */ = {isa = PBXBuildFile; fileRef = 2D4F3ECF14A27B4500C29D11 /* SpectacleScreenDetection.m */; };
		2D5CCCE915E96F740009CC43 /* dsa_public.pem in Resources */ = {isa = PBXBuildFile; fileRef = 2D5CCCE815E96F740009CC43 /* dsa_public.pem */; };
		2D736756149ADB2C00837D7D /* Credits.rtf in Resources */ = {isa = PBXBuildFile; fileRef = 2D736754149ADB2C00837D7D /* Credits.rtf */; };
		2D73675B149ADB4500837D7D /* Spectacle.xib in Resources */ = {isa = PBXBuildFile; fileRef = 2D736757149ADB4500837D7D /* Spectacle.xib */; };
		2D73675C149ADB4500837D7D /* SpectaclePreferencesWindow.xib in Resources */ = {isa = PBXBuildFile; fileRef = 2D736759149ADB4500837D7D /* SpectaclePreferencesWindow.xib */; };
		2D73677B149ADB7400837D7D /* InfoPlist.strings in Resources */ = {isa = PBXBuildFile; fileRef = 2D736777149ADB7400837D7D /* InfoPlist.strings */; };
		2D73677E149ADB7400837D7D /* Localizable.strings in Resources */ = {isa = PBXBuildFile; fileRef = 2D736779149ADB7400837D7D /* Localizable.strings */; };
		2D768E8D147ED51A00901E76 /* SpectacleApplicationController.m in Sources */ = {isa = PBXBuildFile; fileRef = 2D768E8C147ED51A00901E76 /* SpectacleApplicationController.m */; };
		2D768E90147ED57600901E76 /* SpectacleWindowActionController.m in Sources */ = {isa = PBXBuildFile; fileRef = 2D768E8F147ED57600901E76 /* SpectacleWindowActionController.m */; };
		2D8DA04D147E0FA0003BE1D3 /* Defaults.plist in Resources */ = {isa = PBXBuildFile; fileRef = 0706C0431191092B0068F04B /* Defaults.plist */; };
		2D8DA04E147E0FA7003BE1D3 /* HotKeyNames.plist in Resources */ = {isa = PBXBuildFile; fileRef = 070031AF1217712E001D4C46 /* HotKeyNames.plist */; };
		2D8DA055147E1101003BE1D3 /* ZeroKit.framework in Copy Frameworks */ = {isa = PBXBuildFile; fileRef = 2D6540721475EAE1000133CA /* ZeroKit.framework */; };
		2D8DA056147E113D003BE1D3 /* SpectacleHotKeyManager.m in Sources */ = {isa = PBXBuildFile; fileRef = 07678096118679C600614FB5 /* SpectacleHotKeyManager.m */; };
		2D8DA057147E113D003BE1D3 /* SpectacleUtilities.m in Sources */ = {isa = PBXBuildFile; fileRef = 07BB542C1186662F0045663F /* SpectacleUtilities.m */; };
		2D8DA058147E113D003BE1D3 /* SpectacleWindowPositionManager.m in Sources */ = {isa = PBXBuildFile; fileRef = 072EACFF118A4D5A0015FC8A /* SpectacleWindowPositionManager.m */; };
		2D8DA05D147E113D003BE1D3 /* SpectacleHistoryItem.m in Sources */ = {isa = PBXBuildFile; fileRef = 079CDA0E1221BAFF0099612C /* SpectacleHistoryItem.m */; };
		2D8DA05E147E113D003BE1D3 /* main.m in Sources */ = {isa = PBXBuildFile; fileRef = 077938E51184FADB0013BC14 /* main.m */; };
		2DA85CA316B47F540057CEAA /* BlacklistedApplications.plist in Resources */ = {isa = PBXBuildFile; fileRef = 2DA85CA216B47F540057CEAA /* BlacklistedApplications.plist */; };
		2DC3A85A181A039200B68601 /* Security & Privacy.png in Resources */ = {isa = PBXBuildFile; fileRef = 2DC3A859181A039200B68601 /* Security & Privacy.png */; };
		2DF03CEE148684E000D09E90 /* Spectacle.icns in Resources */ = {isa = PBXBuildFile; fileRef = 2DF03CED148684E000D09E90 /* Spectacle.icns */; };
		C92F241816937C63000D94AB /* Spectacle Status Item@2x.png in Resources */ = {isa = PBXBuildFile; fileRef = C92F241716937C63000D94AB /* Spectacle Status Item@2x.png */; };
		C92F241A16937CA3000D94AB /* Spectacle Alternate Status Item@2x.png in Resources */ = {isa = PBXBuildFile; fileRef = C92F241916937CA3000D94AB /* Spectacle Alternate Status Item@2x.png */; };
/* End PBXBuildFile section */

/* Begin PBXContainerItemProxy section */
		2D6540711475EAE1000133CA /* PBXContainerItemProxy */ = {
			isa = PBXContainerItemProxy;
			containerPortal = 2D65406A1475EAE1000133CA /* ZeroKit.xcodeproj */;
			proxyType = 2;
			remoteGlobalIDString = 8DC2EF5B0486A6940098B216;
			remoteInfo = ZeroKit;
		};
		2D8DA051147E1074003BE1D3 /* PBXContainerItemProxy */ = {
			isa = PBXContainerItemProxy;
			containerPortal = 2D65406A1475EAE1000133CA /* ZeroKit.xcodeproj */;
			proxyType = 1;
			remoteGlobalIDString = 8DC2EF4F0486A6940098B216;
			remoteInfo = ZeroKit;
		};
/* End PBXContainerItemProxy section */

/* Begin PBXCopyFilesBuildPhase section */
		2D8DA054147E10EE003BE1D3 /* Copy Frameworks */ = {
			isa = PBXCopyFilesBuildPhase;
			buildActionMask = 2147483647;
			dstPath = "";
			dstSubfolderSpec = 10;
			files = (
				2D36FFD516B9BE3A0040372F /* Sparkle.framework in Copy Frameworks */,
				2D8DA055147E1101003BE1D3 /* ZeroKit.framework in Copy Frameworks */,
			);
			name = "Copy Frameworks";
			runOnlyForDeploymentPostprocessing = 0;
		};
/* End PBXCopyFilesBuildPhase section */

/* Begin PBXFileReference section */
		070031AF1217712E001D4C46 /* HotKeyNames.plist */ = {isa = PBXFileReference; fileEncoding = 4; lastKnownFileType = text.plist.xml; name = HotKeyNames.plist; path = "Resources/Property Lists/HotKeyNames.plist"; sourceTree = "<group>"; };
		0706C0431191092B0068F04B /* Defaults.plist */ = {isa = PBXFileReference; fileEncoding = 4; lastKnownFileType = text.plist.xml; name = Defaults.plist; path = "Resources/Property Lists/Defaults.plist"; sourceTree = "<group>"; };
		072EACFE118A4D5A0015FC8A /* SpectacleWindowPositionManager.h */ = {isa = PBXFileReference; fileEncoding = 4; lastKnownFileType = sourcecode.c.h; path = SpectacleWindowPositionManager.h; sourceTree = "<group>"; };
		072EACFF118A4D5A0015FC8A /* SpectacleWindowPositionManager.m */ = {isa = PBXFileReference; fileEncoding = 4; lastKnownFileType = sourcecode.c.objc; path = SpectacleWindowPositionManager.m; sourceTree = "<group>"; };
		0747DAF71183AC5100F75DD2 /* Common.xcconfig */ = {isa = PBXFileReference; fileEncoding = 4; lastKnownFileType = text.xcconfig; name = Common.xcconfig; path = Configurations/Common.xcconfig; sourceTree = "<group>"; };
		0747DAF81183AC5100F75DD2 /* CommonDevelopment.xcconfig */ = {isa = PBXFileReference; fileEncoding = 4; lastKnownFileType = text.xcconfig; name = CommonDevelopment.xcconfig; path = Configurations/CommonDevelopment.xcconfig; sourceTree = "<group>"; };
		0747DAF91183AC5100F75DD2 /* CommonRelease.xcconfig */ = {isa = PBXFileReference; fileEncoding = 4; lastKnownFileType = text.xcconfig; name = CommonRelease.xcconfig; path = Configurations/CommonRelease.xcconfig; sourceTree = "<group>"; };
		0766438911A212A800B7BFA3 /* CoreServices.framework */ = {isa = PBXFileReference; lastKnownFileType = wrapper.framework; name = CoreServices.framework; path = System/Library/Frameworks/CoreServices.framework; sourceTree = SDKROOT; };
		07678095118679C600614FB5 /* SpectacleHotKeyManager.h */ = {isa = PBXFileReference; fileEncoding = 4; lastKnownFileType = sourcecode.c.h; path = SpectacleHotKeyManager.h; sourceTree = "<group>"; };
		07678096118679C600614FB5 /* SpectacleHotKeyManager.m */ = {isa = PBXFileReference; fileEncoding = 4; lastKnownFileType = sourcecode.c.objc; path = SpectacleHotKeyManager.m; sourceTree = "<group>"; };
		077938E51184FADB0013BC14 /* main.m */ = {isa = PBXFileReference; fileEncoding = 4; lastKnownFileType = sourcecode.c.objc; path = main.m; sourceTree = "<group>"; };
		07838601148BD517001E7BD7 /* SpectaclePreferencesController.h */ = {isa = PBXFileReference; fileEncoding = 4; lastKnownFileType = sourcecode.c.h; path = SpectaclePreferencesController.h; sourceTree = "<group>"; };
		07838602148BD517001E7BD7 /* SpectaclePreferencesController.m */ = {isa = PBXFileReference; fileEncoding = 4; lastKnownFileType = sourcecode.c.objc; path = SpectaclePreferencesController.m; sourceTree = "<group>"; };
		078B0F50118D18CC004EE86C /* SpectacleConstants.h */ = {isa = PBXFileReference; fileEncoding = 4; lastKnownFileType = sourcecode.c.h; path = SpectacleConstants.h; sourceTree = "<group>"; };
		079CDA0D1221BAFF0099612C /* SpectacleHistoryItem.h */ = {isa = PBXFileReference; fileEncoding = 4; lastKnownFileType = sourcecode.c.h; path = SpectacleHistoryItem.h; sourceTree = "<group>"; };
		079CDA0E1221BAFF0099612C /* SpectacleHistoryItem.m */ = {isa = PBXFileReference; fileEncoding = 4; lastKnownFileType = sourcecode.c.objc; path = SpectacleHistoryItem.m; sourceTree = "<group>"; };
		07B6B752148B12A0003F924A /* Spectacle Status Item.png */ = {isa = PBXFileReference; lastKnownFileType = image.png; name = "Spectacle Status Item.png"; path = "Resources/Images/Spectacle Status Item.png"; sourceTree = "<group>"; };
		07B6B754148B1654003F924A /* Spectacle Alternate Status Item.png */ = {isa = PBXFileReference; lastKnownFileType = image.png; name = "Spectacle Alternate Status Item.png"; path = "Resources/Images/Spectacle Alternate Status Item.png"; sourceTree = "<group>"; };
		07BB542B1186662F0045663F /* SpectacleUtilities.h */ = {isa = PBXFileReference; fileEncoding = 4; lastKnownFileType = sourcecode.c.h; path = SpectacleUtilities.h; sourceTree = "<group>"; };
		07BB542C1186662F0045663F /* SpectacleUtilities.m */ = {isa = PBXFileReference; fileEncoding = 4; lastKnownFileType = sourcecode.c.objc; path = SpectacleUtilities.m; sourceTree = "<group>"; };
		07E632151187AAD800451374 /* Carbon.framework */ = {isa = PBXFileReference; lastKnownFileType = wrapper.framework; name = Carbon.framework; path = System/Library/Frameworks/Carbon.framework; sourceTree = SDKROOT; };
		089C1672FE841209C02AAC07 /* Foundation.framework */ = {isa = PBXFileReference; lastKnownFileType = wrapper.framework; name = Foundation.framework; path = /System/Library/Frameworks/Foundation.framework; sourceTree = "<absolute>"; };
		089C167FFE841241C02AAC07 /* AppKit.framework */ = {isa = PBXFileReference; lastKnownFileType = wrapper.framework; name = AppKit.framework; path = /System/Library/Frameworks/AppKit.framework; sourceTree = "<absolute>"; };
		1058C7ADFEA557BF11CA2CBB /* Cocoa.framework */ = {isa = PBXFileReference; lastKnownFileType = wrapper.framework; name = Cocoa.framework; path = /System/Library/Frameworks/Cocoa.framework; sourceTree = "<absolute>"; };
		2D1AE52315D715F400EAC5BD /* SpectacleHotKeyValidator.h */ = {isa = PBXFileReference; fileEncoding = 4; lastKnownFileType = sourcecode.c.h; path = SpectacleHotKeyValidator.h; sourceTree = "<group>"; };
		2D1AE52415D715F400EAC5BD /* SpectacleHotKeyValidator.m */ = {isa = PBXFileReference; fileEncoding = 4; lastKnownFileType = sourcecode.c.objc; path = SpectacleHotKeyValidator.m; sourceTree = "<group>"; };
		2D1E1AB0147E06AD0021D73D /* Spectacle.app */ = {isa = PBXFileReference; explicitFileType = wrapper.application; includeInIndex = 0; path = Spectacle.app; sourceTree = BUILT_PRODUCTS_DIR; };
		2D1E1AD2147E07E50021D73D /* Spectacle-Info.plist */ = {isa = PBXFileReference; fileEncoding = 4; lastKnownFileType = text.plist.xml; name = "Spectacle-Info.plist"; path = "Resources/Property Lists/Spectacle-Info.plist"; sourceTree = "<group>"; };
		2D1E1AD4147E08DE0021D73D /* Spectacle.xcconfig */ = {isa = PBXFileReference; fileEncoding = 4; lastKnownFileType = text.xcconfig; name = Spectacle.xcconfig; path = Configurations/Spectacle.xcconfig; sourceTree = "<group>"; };
		2D1E1AD5147E08DE0021D73D /* SpectacleDevelopment.xcconfig */ = {isa = PBXFileReference; fileEncoding = 4; lastKnownFileType = text.xcconfig; name = SpectacleDevelopment.xcconfig; path = Configurations/SpectacleDevelopment.xcconfig; sourceTree = "<group>"; };
		2D1E1AD6147E08DE0021D73D /* SpectacleRelease.xcconfig */ = {isa = PBXFileReference; fileEncoding = 4; lastKnownFileType = text.xcconfig; name = SpectacleRelease.xcconfig; path = Configurations/SpectacleRelease.xcconfig; sourceTree = "<group>"; };
		2D279ED216BB4A7800F6894A /* SpectacleHistory.h */ = {isa = PBXFileReference; fileEncoding = 4; lastKnownFileType = sourcecode.c.h; path = SpectacleHistory.h; sourceTree = "<group>"; };
		2D279ED316BB4A7800F6894A /* SpectacleHistory.m */ = {isa = PBXFileReference; fileEncoding = 4; lastKnownFileType = sourcecode.c.objc; path = SpectacleHistory.m; sourceTree = "<group>"; };
		2D279EDB16BB8A7000F6894A /* ZKAccessibilityElementAdditions.h */ = {isa = PBXFileReference; fileEncoding = 4; lastKnownFileType = sourcecode.c.h; path = ZKAccessibilityElementAdditions.h; sourceTree = "<group>"; };
		2D279EDC16BB8A7000F6894A /* ZKAccessibilityElementAdditions.m */ = {isa = PBXFileReference; fileEncoding = 4; lastKnownFileType = sourcecode.c.objc; path = ZKAccessibilityElementAdditions.m; sourceTree = "<group>"; };
		2D279EDF16BCB85100F6894A /* SpectacleWindowPositionCalculator.h */ = {isa = PBXFileReference; fileEncoding = 4; lastKnownFileType = sourcecode.c.h; path = SpectacleWindowPositionCalculator.h; sourceTree = "<group>"; };
		2D279EE016BCB85100F6894A /* SpectacleWindowPositionCalculator.m */ = {isa = PBXFileReference; fileEncoding = 4; lastKnownFileType = sourcecode.c.objc; path = SpectacleWindowPositionCalculator.m; sourceTree = "<group>"; };
		2D36FFD316B9BE100040372F /* Sparkle.framework */ = {isa = PBXFileReference; lastKnownFileType = wrapper.framework; name = Sparkle.framework; path = Frameworks/Sparkle.framework; sourceTree = "<group>"; };
		2D4F3ECE14A27B4500C29D11 /* SpectacleScreenDetection.h */ = {isa = PBXFileReference; fileEncoding = 4; lastKnownFileType = sourcecode.c.h; path = SpectacleScreenDetection.h; sourceTree = "<group>"; };
		2D4F3ECF14A27B4500C29D11 /* SpectacleScreenDetection.m */ = {isa = PBXFileReference; fileEncoding = 4; lastKnownFileType = sourcecode.c.objc; path = SpectacleScreenDetection.m; sourceTree = "<group>"; };
		2D5CCCE815E96F740009CC43 /* dsa_public.pem */ = {isa = PBXFileReference; fileEncoding = 4; lastKnownFileType = text; name = dsa_public.pem; path = Resources/Sparkle/dsa_public.pem; sourceTree = "<group>"; };
		2D65406A1475EAE1000133CA /* ZeroKit.xcodeproj */ = {isa = PBXFileReference; lastKnownFileType = "wrapper.pb-project"; name = ZeroKit.xcodeproj; path = Frameworks/ZeroKit/ZeroKit.xcodeproj; sourceTree = "<group>"; };
		2D65407E1475ECF1000133CA /* ZeroKit.framework */ = {isa = PBXFileReference; lastKnownFileType = wrapper.framework; name = ZeroKit.framework; path = "../../../Library/Developer/Xcode/DerivedData/Spectacle-gfuhcjgbmgbmfqaeerwhcojqjawa/Build/Products/Development/ZeroKit.framework"; sourceTree = "<group>"; };
		2D736755149ADB2C00837D7D /* en */ = {isa = PBXFileReference; lastKnownFileType = text.rtf; name = en; path = Languages/en.lproj/Credits.rtf; sourceTree = "<group>"; };
		2D736758149ADB4500837D7D /* en */ = {isa = PBXFileReference; lastKnownFileType = file.xib; name = en; path = Languages/en.lproj/Spectacle.xib; sourceTree = "<group>"; };
		2D73675A149ADB4500837D7D /* en */ = {isa = PBXFileReference; lastKnownFileType = file.xib; name = en; path = Languages/en.lproj/SpectaclePreferencesWindow.xib; sourceTree = "<group>"; };
		2D736778149ADB7400837D7D /* en */ = {isa = PBXFileReference; fileEncoding = 10; lastKnownFileType = text.plist.strings; name = en; path = Languages/en.lproj/InfoPlist.strings; sourceTree = "<group>"; };
		2D73677A149ADB7400837D7D /* en */ = {isa = PBXFileReference; fileEncoding = 10; lastKnownFileType = text.plist.strings; name = en; path = Languages/en.lproj/Localizable.strings; sourceTree = "<group>"; };
		2D768E8B147ED51A00901E76 /* SpectacleApplicationController.h */ = {isa = PBXFileReference; fileEncoding = 4; lastKnownFileType = sourcecode.c.h; path = SpectacleApplicationController.h; sourceTree = "<group>"; };
		2D768E8C147ED51A00901E76 /* SpectacleApplicationController.m */ = {isa = PBXFileReference; fileEncoding = 4; lastKnownFileType = sourcecode.c.objc; path = SpectacleApplicationController.m; sourceTree = "<group>"; };
		2D768E8E147ED57600901E76 /* SpectacleWindowActionController.h */ = {isa = PBXFileReference; fileEncoding = 4; lastKnownFileType = sourcecode.c.h; path = SpectacleWindowActionController.h; sourceTree = "<group>"; };
		2D768E8F147ED57600901E76 /* SpectacleWindowActionController.m */ = {isa = PBXFileReference; fileEncoding = 4; lastKnownFileType = sourcecode.c.objc; path = SpectacleWindowActionController.m; sourceTree = "<group>"; };
		2DA85CA216B47F540057CEAA /* BlacklistedApplications.plist */ = {isa = PBXFileReference; fileEncoding = 4; lastKnownFileType = text.plist.xml; name = BlacklistedApplications.plist; path = "Resources/Property Lists/BlacklistedApplications.plist"; sourceTree = "<group>"; };
		2DC3A859181A039200B68601 /* Security & Privacy.png */ = {isa = PBXFileReference; lastKnownFileType = image.png; name = "Security & Privacy.png"; path = "Resources/Images/Security & Privacy.png"; sourceTree = "<group>"; };
		2DF03CED148684E000D09E90 /* Spectacle.icns */ = {isa = PBXFileReference; lastKnownFileType = image.icns; name = Spectacle.icns; path = Resources/Images/Icons/Spectacle.icns; sourceTree = "<group>"; };
		32DBCFA20370C41700C91783 /* Spectacle.pch */ = {isa = PBXFileReference; fileEncoding = 4; lastKnownFileType = sourcecode.c.h; path = Spectacle.pch; sourceTree = "<group>"; };
		C92F241716937C63000D94AB /* Spectacle Status Item@2x.png */ = {isa = PBXFileReference; lastKnownFileType = image.png; name = "Spectacle Status Item@2x.png"; path = "Resources/Images/Spectacle Status Item@2x.png"; sourceTree = "<group>"; };
		C92F241916937CA3000D94AB /* Spectacle Alternate Status Item@2x.png */ = {isa = PBXFileReference; lastKnownFileType = image.png; name = "Spectacle Alternate Status Item@2x.png"; path = "Resources/Images/Spectacle Alternate Status Item@2x.png"; sourceTree = "<group>"; };
		F506C035013D953901CA16C8 /* PreferencePanes.framework */ = {isa = PBXFileReference; lastKnownFileType = wrapper.framework; name = PreferencePanes.framework; path = /System/Library/Frameworks/PreferencePanes.framework; sourceTree = "<absolute>"; };
/* End PBXFileReference section */

/* Begin PBXFrameworksBuildPhase section */
		2D1E1AAD147E06AD0021D73D /* Frameworks */ = {
			isa = PBXFrameworksBuildPhase;
			buildActionMask = 2147483647;
			files = (
				2D1E1ACE147E07870021D73D /* Carbon.framework in Frameworks */,
				2D1E1ACF147E078A0021D73D /* Cocoa.framework in Frameworks */,
				2D36FFD416B9BE100040372F /* Sparkle.framework in Frameworks */,
				2D1E1AD1147E07980021D73D /* ZeroKit.framework in Frameworks */,
			);
			runOnlyForDeploymentPostprocessing = 0;
		};
/* End PBXFrameworksBuildPhase section */

/* Begin PBXGroup section */
		0747DAE71183AAB600F75DD2 /* Common */ = {
			isa = PBXGroup;
			children = (
				2D279ED616BB89CD00F6894A /* Additions */,
				07678095118679C600614FB5 /* SpectacleHotKeyManager.h */,
				07678096118679C600614FB5 /* SpectacleHotKeyManager.m */,
				2D1AE52315D715F400EAC5BD /* SpectacleHotKeyValidator.h */,
				2D1AE52415D715F400EAC5BD /* SpectacleHotKeyValidator.m */,
				2D4F3ECE14A27B4500C29D11 /* SpectacleScreenDetection.h */,
				2D4F3ECF14A27B4500C29D11 /* SpectacleScreenDetection.m */,
				07BB542B1186662F0045663F /* SpectacleUtilities.h */,
				07BB542C1186662F0045663F /* SpectacleUtilities.m */,
				2D279EDF16BCB85100F6894A /* SpectacleWindowPositionCalculator.h */,
				2D279EE016BCB85100F6894A /* SpectacleWindowPositionCalculator.m */,
				072EACFE118A4D5A0015FC8A /* SpectacleWindowPositionManager.h */,
				072EACFF118A4D5A0015FC8A /* SpectacleWindowPositionManager.m */,
			);
			name = Common;
			sourceTree = "<group>";
		};
		0747DAE81183AABB00F75DD2 /* Controllers */ = {
			isa = PBXGroup;
			children = (
				2D768E8B147ED51A00901E76 /* SpectacleApplicationController.h */,
				2D768E8C147ED51A00901E76 /* SpectacleApplicationController.m */,
				07838601148BD517001E7BD7 /* SpectaclePreferencesController.h */,
				07838602148BD517001E7BD7 /* SpectaclePreferencesController.m */,
				2D768E8E147ED57600901E76 /* SpectacleWindowActionController.h */,
				2D768E8F147ED57600901E76 /* SpectacleWindowActionController.m */,
			);
			name = Controllers;
			sourceTree = "<group>";
		};
		0747DAE91183AAC100F75DD2 /* Models */ = {
			isa = PBXGroup;
			children = (
				2D279ED216BB4A7800F6894A /* SpectacleHistory.h */,
				2D279ED316BB4A7800F6894A /* SpectacleHistory.m */,
				079CDA0D1221BAFF0099612C /* SpectacleHistoryItem.h */,
				079CDA0E1221BAFF0099612C /* SpectacleHistoryItem.m */,
			);
			name = Models;
			sourceTree = "<group>";
		};
		0747DAEB1183AAE700F75DD2 /* Property Lists */ = {
			isa = PBXGroup;
			children = (
				2DA85CA216B47F540057CEAA /* BlacklistedApplications.plist */,
				0706C0431191092B0068F04B /* Defaults.plist */,
				070031AF1217712E001D4C46 /* HotKeyNames.plist */,
				2D1E1AD2147E07E50021D73D /* Spectacle-Info.plist */,
			);
			name = "Property Lists";
			sourceTree = "<group>";
		};
		0747DAEC1183AAEE00F75DD2 /* Localized Strings */ = {
			isa = PBXGroup;
			children = (
				2D736777149ADB7400837D7D /* InfoPlist.strings */,
				2D736779149ADB7400837D7D /* Localizable.strings */,
			);
			name = "Localized Strings";
			sourceTree = "<group>";
		};
		0747DAED1183AAF600F75DD2 /* Interface Builder */ = {
			isa = PBXGroup;
			children = (
				2D736757149ADB4500837D7D /* Spectacle.xib */,
				2D736759149ADB4500837D7D /* SpectaclePreferencesWindow.xib */,
			);
			name = "Interface Builder";
			sourceTree = "<group>";
		};
		0747DAEE1183AAFE00F75DD2 /* Images */ = {
			isa = PBXGroup;
			children = (
				0747DAF21183AB1B00F75DD2 /* Icons */,
				2DC3A859181A039200B68601 /* Security & Privacy.png */,
			);
			name = Images;
			sourceTree = "<group>";
		};
		0747DAEF1183AB0400F75DD2 /* Configurations */ = {
			isa = PBXGroup;
			children = (
				0747DAF71183AC5100F75DD2 /* Common.xcconfig */,
				0747DAF81183AC5100F75DD2 /* CommonDevelopment.xcconfig */,
				0747DAF91183AC5100F75DD2 /* CommonRelease.xcconfig */,
				2D1E1AD4147E08DE0021D73D /* Spectacle.xcconfig */,
				2D1E1AD5147E08DE0021D73D /* SpectacleDevelopment.xcconfig */,
				2D1E1AD6147E08DE0021D73D /* SpectacleRelease.xcconfig */,
			);
			name = Configurations;
			sourceTree = "<group>";
		};
		0747DAF21183AB1B00F75DD2 /* Icons */ = {
			isa = PBXGroup;
			children = (
				2DF03CED148684E000D09E90 /* Spectacle.icns */,
				07B6B754148B1654003F924A /* Spectacle Alternate Status Item.png */,
				C92F241916937CA3000D94AB /* Spectacle Alternate Status Item@2x.png */,
				07B6B752148B12A0003F924A /* Spectacle Status Item.png */,
				C92F241716937C63000D94AB /* Spectacle Status Item@2x.png */,
			);
			name = Icons;
			sourceTree = "<group>";
		};
		089C166AFE841209C02AAC07 /* Spectacle */ = {
			isa = PBXGroup;
			children = (
				2D65406A1475EAE1000133CA /* ZeroKit.xcodeproj */,
				08FB77AFFE84173DC02AAC07 /* Classes */,
				32DBCFA10370C40200C91783 /* Other Sources */,
				089C167CFE841241C02AAC07 /* Resources */,
				089C1671FE841209C02AAC07 /* Frameworks */,
				19C28FB8FE9D52D311CA2CBB /* Products */,
			);
			name = Spectacle;
			sourceTree = "<group>";
		};
		089C1671FE841209C02AAC07 /* Frameworks */ = {
			isa = PBXGroup;
			children = (
				1058C7ADFEA557BF11CA2CBB /* Cocoa.framework */,
				1058C7AEFEA557BF11CA2CBB /* Other Frameworks */,
			);
			name = Frameworks;
			sourceTree = "<group>";
		};
		089C167CFE841241C02AAC07 /* Resources */ = {
			isa = PBXGroup;
			children = (
				0747DAEF1183AB0400F75DD2 /* Configurations */,
				0747DAEE1183AAFE00F75DD2 /* Images */,
				0747DAED1183AAF600F75DD2 /* Interface Builder */,
				0747DAEC1183AAEE00F75DD2 /* Localized Strings */,
				0747DAEB1183AAE700F75DD2 /* Property Lists */,
				2D5CCCE715E96F4F0009CC43 /* Sparkle */,
				2D736754149ADB2C00837D7D /* Credits.rtf */,
			);
			name = Resources;
			sourceTree = "<group>";
		};
		08FB77AFFE84173DC02AAC07 /* Classes */ = {
			isa = PBXGroup;
			children = (
				0747DAE71183AAB600F75DD2 /* Common */,
				0747DAE81183AABB00F75DD2 /* Controllers */,
				0747DAE91183AAC100F75DD2 /* Models */,
			);
			name = Classes;
			sourceTree = "<group>";
		};
		1058C7AEFEA557BF11CA2CBB /* Other Frameworks */ = {
			isa = PBXGroup;
			children = (
				089C167FFE841241C02AAC07 /* AppKit.framework */,
				07E632151187AAD800451374 /* Carbon.framework */,
				0766438911A212A800B7BFA3 /* CoreServices.framework */,
				089C1672FE841209C02AAC07 /* Foundation.framework */,
				F506C035013D953901CA16C8 /* PreferencePanes.framework */,
				2D36FFD316B9BE100040372F /* Sparkle.framework */,
				2D65407E1475ECF1000133CA /* ZeroKit.framework */,
			);
			name = "Other Frameworks";
			sourceTree = "<group>";
		};
		19C28FB8FE9D52D311CA2CBB /* Products */ = {
			isa = PBXGroup;
			children = (
				2D1E1AB0147E06AD0021D73D /* Spectacle.app */,
			);
			name = Products;
			sourceTree = "<group>";
		};
		2D279ED616BB89CD00F6894A /* Additions */ = {
			isa = PBXGroup;
			children = (
				2D279EDB16BB8A7000F6894A /* ZKAccessibilityElementAdditions.h */,
				2D279EDC16BB8A7000F6894A /* ZKAccessibilityElementAdditions.m */,
			);
			name = Additions;
			sourceTree = "<group>";
		};
		2D5CCCE715E96F4F0009CC43 /* Sparkle */ = {
			isa = PBXGroup;
			children = (
				2D5CCCE815E96F740009CC43 /* dsa_public.pem */,
			);
			name = Sparkle;
			sourceTree = "<group>";
		};
		2D65406B1475EAE1000133CA /* Products */ = {
			isa = PBXGroup;
			children = (
				2D6540721475EAE1000133CA /* ZeroKit.framework */,
			);
			name = Products;
			sourceTree = "<group>";
		};
		32DBCFA10370C40200C91783 /* Other Sources */ = {
			isa = PBXGroup;
			children = (
				077938E51184FADB0013BC14 /* main.m */,
				32DBCFA20370C41700C91783 /* Spectacle.pch */,
				078B0F50118D18CC004EE86C /* SpectacleConstants.h */,
			);
			name = "Other Sources";
			sourceTree = "<group>";
		};
/* End PBXGroup section */

/* Begin PBXNativeTarget section */
		2D1E1AAF147E06AD0021D73D /* Spectacle */ = {
			isa = PBXNativeTarget;
			buildConfigurationList = 2D1E1ACB147E06AD0021D73D /* Build configuration list for PBXNativeTarget "Spectacle" */;
			buildPhases = (
				2D1E1AAC147E06AD0021D73D /* Sources */,
				2D1E1AAD147E06AD0021D73D /* Frameworks */,
				2D1E1AAE147E06AD0021D73D /* Resources */,
				2D8DA054147E10EE003BE1D3 /* Copy Frameworks */,
			);
			buildRules = (
			);
			dependencies = (
				2D8DA052147E1074003BE1D3 /* PBXTargetDependency */,
			);
			name = Spectacle;
			productName = Spectacle;
			productReference = 2D1E1AB0147E06AD0021D73D /* Spectacle.app */;
			productType = "com.apple.product-type.application";
		};
/* End PBXNativeTarget section */

/* Begin PBXProject section */
		089C1669FE841209C02AAC07 /* Project object */ = {
			isa = PBXProject;
			attributes = {
				LastUpgradeCheck = 0500;
			};
			buildConfigurationList = 1DBD214C08BA80EA00186707 /* Build configuration list for PBXProject "Spectacle" */;
			compatibilityVersion = "Xcode 3.2";
			developmentRegion = English;
			hasScannedForEncodings = 1;
			knownRegions = (
				English,
				Japanese,
				French,
				German,
				en,
			);
			mainGroup = 089C166AFE841209C02AAC07 /* Spectacle */;
			projectDirPath = "";
			projectReferences = (
				{
					ProductGroup = 2D65406B1475EAE1000133CA /* Products */;
					ProjectRef = 2D65406A1475EAE1000133CA /* ZeroKit.xcodeproj */;
				},
			);
			projectRoot = "";
			targets = (
				2D1E1AAF147E06AD0021D73D /* Spectacle */,
			);
		};
/* End PBXProject section */

/* Begin PBXReferenceProxy section */
		2D6540721475EAE1000133CA /* ZeroKit.framework */ = {
			isa = PBXReferenceProxy;
			fileType = wrapper.framework;
			path = ZeroKit.framework;
			remoteRef = 2D6540711475EAE1000133CA /* PBXContainerItemProxy */;
			sourceTree = BUILT_PRODUCTS_DIR;
		};
/* End PBXReferenceProxy section */

/* Begin PBXResourcesBuildPhase section */
		2D1E1AAE147E06AD0021D73D /* Resources */ = {
			isa = PBXResourcesBuildPhase;
			buildActionMask = 2147483647;
			files = (
				2DA85CA316B47F540057CEAA /* BlacklistedApplications.plist in Resources */,
				2D736756149ADB2C00837D7D /* Credits.rtf in Resources */,
				2D8DA04D147E0FA0003BE1D3 /* Defaults.plist in Resources */,
				2D5CCCE915E96F740009CC43 /* dsa_public.pem in Resources */,
				2D8DA04E147E0FA7003BE1D3 /* HotKeyNames.plist in Resources */,
				2D73677B149ADB7400837D7D /* InfoPlist.strings in Resources */,
				2D73677E149ADB7400837D7D /* Localizable.strings in Resources */,
				2DC3A85A181A039200B68601 /* Security & Privacy.png in Resources */,
				2DF03CEE148684E000D09E90 /* Spectacle.icns in Resources */,
				2D73675B149ADB4500837D7D /* Spectacle.xib in Resources */,
				07B6B755148B1654003F924A /* Spectacle Alternate Status Item.png in Resources */,
				C92F241A16937CA3000D94AB /* Spectacle Alternate Status Item@2x.png in Resources */,
				07B6B753148B12A0003F924A /* Spectacle Status Item.png in Resources */,
				C92F241816937C63000D94AB /* Spectacle Status Item@2x.png in Resources */,
				2D73675C149ADB4500837D7D /* SpectaclePreferencesWindow.xib in Resources */,
			);
			runOnlyForDeploymentPostprocessing = 0;
		};
/* End PBXResourcesBuildPhase section */

/* Begin PBXSourcesBuildPhase section */
		2D1E1AAC147E06AD0021D73D /* Sources */ = {
			isa = PBXSourcesBuildPhase;
			buildActionMask = 2147483647;
			files = (
				2D8DA05E147E113D003BE1D3 /* main.m in Sources */,
				2D768E8D147ED51A00901E76 /* SpectacleApplicationController.m in Sources */,
				2D279ED416BB4A7800F6894A /* SpectacleHistory.m in Sources */,
				2D8DA05D147E113D003BE1D3 /* SpectacleHistoryItem.m in Sources */,
				2D8DA056147E113D003BE1D3 /* SpectacleHotKeyManager.m in Sources */,
				2D1AE52515D715F400EAC5BD /* SpectacleHotKeyValidator.m in Sources */,
				07838603148BD517001E7BD7 /* SpectaclePreferencesController.m in Sources */,
				2D4F3ED014A27B4500C29D11 /* SpectacleScreenDetection.m in Sources */,
				2D8DA057147E113D003BE1D3 /* SpectacleUtilities.m in Sources */,
				2D768E90147ED57600901E76 /* SpectacleWindowActionController.m in Sources */,
				2D279EE116BCB85100F6894A /* SpectacleWindowPositionCalculator.m in Sources */,
				2D8DA058147E113D003BE1D3 /* SpectacleWindowPositionManager.m in Sources */,
				2D279EDD16BB8A7000F6894A /* ZKAccessibilityElementAdditions.m in Sources */,
			);
			runOnlyForDeploymentPostprocessing = 0;
		};
/* End PBXSourcesBuildPhase section */

/* Begin PBXTargetDependency section */
		2D8DA052147E1074003BE1D3 /* PBXTargetDependency */ = {
			isa = PBXTargetDependency;
			name = ZeroKit;
			targetProxy = 2D8DA051147E1074003BE1D3 /* PBXContainerItemProxy */;
		};
/* End PBXTargetDependency section */

/* Begin PBXVariantGroup section */
		2D736754149ADB2C00837D7D /* Credits.rtf */ = {
			isa = PBXVariantGroup;
			children = (
				2D736755149ADB2C00837D7D /* en */,
			);
			name = Credits.rtf;
			sourceTree = "<group>";
		};
		2D736757149ADB4500837D7D /* Spectacle.xib */ = {
			isa = PBXVariantGroup;
			children = (
				2D736758149ADB4500837D7D /* en */,
			);
			name = Spectacle.xib;
			sourceTree = "<group>";
		};
		2D736759149ADB4500837D7D /* SpectaclePreferencesWindow.xib */ = {
			isa = PBXVariantGroup;
			children = (
				2D73675A149ADB4500837D7D /* en */,
			);
			name = SpectaclePreferencesWindow.xib;
			sourceTree = "<group>";
		};
		2D736777149ADB7400837D7D /* InfoPlist.strings */ = {
			isa = PBXVariantGroup;
			children = (
				2D736778149ADB7400837D7D /* en */,
			);
			name = InfoPlist.strings;
			sourceTree = "<group>";
		};
		2D736779149ADB7400837D7D /* Localizable.strings */ = {
			isa = PBXVariantGroup;
			children = (
				2D73677A149ADB7400837D7D /* en */,
			);
			name = Localizable.strings;
			sourceTree = "<group>";
		};
/* End PBXVariantGroup section */

/* Begin XCBuildConfiguration section */
		1DBD214D08BA80EA00186707 /* Development */ = {
			isa = XCBuildConfiguration;
			baseConfigurationReference = 0747DAF81183AC5100F75DD2 /* CommonDevelopment.xcconfig */;
			buildSettings = {
			};
			name = Development;
		};
		1DBD214E08BA80EA00186707 /* Release */ = {
			isa = XCBuildConfiguration;
			baseConfigurationReference = 0747DAF91183AC5100F75DD2 /* CommonRelease.xcconfig */;
			buildSettings = {
			};
			name = Release;
		};
		2D1E1ACC147E06AD0021D73D /* Development */ = {
			isa = XCBuildConfiguration;
			baseConfigurationReference = 2D1E1AD5147E08DE0021D73D /* SpectacleDevelopment.xcconfig */;
			buildSettings = {
				COMBINE_HIDPI_IMAGES = YES;
				FRAMEWORK_SEARCH_PATHS = (
					"$(inherited)",
					"\"$(SRCROOT)/Frameworks\"",
				);
			};
			name = Development;
		};
		2D1E1ACD147E06AD0021D73D /* Release */ = {
			isa = XCBuildConfiguration;
			baseConfigurationReference = 2D1E1AD6147E08DE0021D73D /* SpectacleRelease.xcconfig */;
			buildSettings = {
				COMBINE_HIDPI_IMAGES = YES;
				FRAMEWORK_SEARCH_PATHS = (
					"$(inherited)",
					"\"$(SRCROOT)/Frameworks\"",
				);
			};
			name = Release;
		};
/* End XCBuildConfiguration section */

/* Begin XCConfigurationList section */
		1DBD214C08BA80EA00186707 /* Build configuration list for PBXProject "Spectacle" */ = {
			isa = XCConfigurationList;
			buildConfigurations = (
				1DBD214D08BA80EA00186707 /* Development */,
				1DBD214E08BA80EA00186707 /* Release */,
			);
			defaultConfigurationIsVisible = 0;
			defaultConfigurationName = Release;
		};
		2D1E1ACB147E06AD0021D73D /* Build configuration list for PBXNativeTarget "Spectacle" */ = {
			isa = XCConfigurationList;
			buildConfigurations = (
				2D1E1ACC147E06AD0021D73D /* Development */,
				2D1E1ACD147E06AD0021D73D /* Release */,
			);
			defaultConfigurationIsVisible = 0;
			defaultConfigurationName = Release;
		};
/* End XCConfigurationList section */
	};
	rootObject = 089C1669FE841209C02AAC07 /* Project object */;
}
